
Microsoft Visual Studio Solution File, Format Version 12.00
# Visual Studio Version 16
VisualStudioVersion = 16.0.30002.166
MinimumVisualStudioVersion = 10.0.40219.1
Project("{2150E333-8FDC-42A3-9474-1A3956D46DE8}") = "SolutionItems", "SolutionItems", "{3635FA93-6994-4CE4-9923-BF330DF1A439}"
	ProjectSection(SolutionItems) = preProject
		.editorconfig = .editorconfig
		azure-pipelines.yml = azure-pipelines.yml
		README.md = README.md
		ReadMe.txt = ReadMe.txt
		ReleaseNotes.md = ReleaseNotes.md
		SdkCommon.csproj = SdkCommon.csproj
		Sequential.runsettings = Sequential.runsettings
	EndProjectSection
EndProject
Project("{9A19103F-16F7-4668-BE54-9A1E7A4F7556}") = "Rollbar", "Rollbar\Rollbar.csproj", "{FA70AC31-5CD9-4947-8D5F-624D9A1FB510}"
EndProject
Project("{9A19103F-16F7-4668-BE54-9A1E7A4F7556}") = "UnitTest.Rollbar", "UnitTest.Rollbar\UnitTest.Rollbar.csproj", "{DC086DCB-134C-4C0C-BFA4-A86F66FC2242}"
EndProject
Project("{9A19103F-16F7-4668-BE54-9A1E7A4F7556}") = "Rollbar.PlugIns.Serilog", "Rollbar.PlugIns.Serilog\Rollbar.PlugIns.Serilog.csproj", "{269A0ECE-643A-49F2-BDB0-A5762729A819}"
EndProject
Project("{9A19103F-16F7-4668-BE54-9A1E7A4F7556}") = "Rollbar.PlugIns.Log4net", "Rollbar.PlugIns.Log4net\Rollbar.PlugIns.Log4net.csproj", "{06252A00-27C7-41C7-8922-56DAF70F50DC}"
EndProject
Project("{9A19103F-16F7-4668-BE54-9A1E7A4F7556}") = "Rollbar.PlugIns.NLog", "Rollbar.Plugins.NLog\Rollbar.PlugIns.NLog.csproj", "{86E63E3F-828C-4F80-804B-16CF1CF407D2}"
EndProject
Project("{2150E333-8FDC-42A3-9474-1A3956D46DE8}") = "RollbarPlugIns", "RollbarPlugIns", "{A6676C56-D085-4273-9757-B55207C63EFA}"
EndProject
Project("{9A19103F-16F7-4668-BE54-9A1E7A4F7556}") = "Rollbar.PlugIns.MSEnterpriseLibrary", "Rollbar.PlugIns.MSEnterpriseLibrary\Rollbar.PlugIns.MSEnterpriseLibrary.csproj", "{E52B66B1-5E33-4AF9-8A6A-9EFA2FC452B4}"
EndProject
Project("{9A19103F-16F7-4668-BE54-9A1E7A4F7556}") = "UnitTest.Rollbar.PlugIns.MSEnterpriseLibrary", "UnitTest.Rollbar.PlugIns.MSEnterpriseLibrary\UnitTest.Rollbar.PlugIns.MSEnterpriseLibrary.csproj", "{80DBF678-9338-425B-9F68-E3AF5FB862C7}"
EndProject
Project("{2150E333-8FDC-42A3-9474-1A3956D46DE8}") = "UnitTests", "UnitTests", "{0B7283A9-1926-4DD7-8B00-755D792118A8}"
EndProject
Project("{9A19103F-16F7-4668-BE54-9A1E7A4F7556}") = "Benchmarker.Common", "Benchmarker.Common\Benchmarker.Common.csproj", "{273E3E6A-C5AE-4B87-8698-F6D821BCAFAE}"
EndProject
Project("{9A19103F-16F7-4668-BE54-9A1E7A4F7556}") = "UnitTest.Rollbar.PlugIns.Log4net", "UnitTest.Rollbar.PlugIns.Log4net\UnitTest.Rollbar.PlugIns.Log4net.csproj", "{F271853A-C4FD-413E-8E93-926C819DF28A}"
EndProject
Project("{9A19103F-16F7-4668-BE54-9A1E7A4F7556}") = "UnitTest.Rollbar.PlugIns.NLog", "UnitTest.Rollbar.PlugIns.NLog\UnitTest.Rollbar.PlugIns.NLog.csproj", "{2982F9E1-218D-4060-A301-07EF81D527A5}"
EndProject
Project("{9A19103F-16F7-4668-BE54-9A1E7A4F7556}") = "UnitTest.Rollbar.PlugIns.Serilog", "UnitTest.Rollbar.PlugIns.Serilog\UnitTest.Rollbar.PlugIns.Serilog.csproj", "{4BB97A89-157A-4AB8-BC61-B702CD184FAF}"
EndProject
Project("{9A19103F-16F7-4668-BE54-9A1E7A4F7556}") = "Rollbar.Net.AspNet.Mvc", "Rollbar.Net.AspNet.Mvc\Rollbar.Net.AspNet.Mvc.csproj", "{7AB2B7F7-DC13-420B-BF5A-5617DD3FF3BF}"
EndProject
Project("{9A19103F-16F7-4668-BE54-9A1E7A4F7556}") = "Rollbar.Net.AspNet.WebApi", "Rollbar.Net.AspNet.WebApi\Rollbar.Net.AspNet.WebApi.csproj", "{E48268CA-7487-4F94-941D-F1A8EA5C0B02}"
EndProject
Project("{9A19103F-16F7-4668-BE54-9A1E7A4F7556}") = "UnitTest.Rollbar.Net.AspNet.WebApi", "UnitTest.Rollbar.Net.AspNet.WebApi\UnitTest.Rollbar.Net.AspNet.WebApi.csproj", "{A9654D0D-DF0E-4036-AABD-0369F8998555}"
EndProject
Project("{9A19103F-16F7-4668-BE54-9A1E7A4F7556}") = "UnitTest.Rollbar.Net.AspNet.Mvc", "UnitTest.Rollbar.Net.AspNet.Mvc\UnitTest.Rollbar.Net.AspNet.Mvc.csproj", "{8EEA898F-1E43-4C7D-B41F-51EC4D3F4417}"
EndProject
Project("{9A19103F-16F7-4668-BE54-9A1E7A4F7556}") = "Rollbar.Net.AspNet", "Rollbar.Net.AspNet\Rollbar.Net.AspNet.csproj", "{3248F1D9-9AA8-418B-B7F6-D89A801B24FA}"
EndProject
Project("{9A19103F-16F7-4668-BE54-9A1E7A4F7556}") = "Rollbar.NetCore.AspNet", "Rollbar.NetCore.AspNet\Rollbar.NetCore.AspNet.csproj", "{D9EDC779-BE13-4C72-80A9-690B404D0384}"
EndProject
Project("{9A19103F-16F7-4668-BE54-9A1E7A4F7556}") = "Rollbar.NetPlatformExtensions", "Rollbar.NetPlatformExtensions\Rollbar.NetPlatformExtensions.csproj", "{DDF8E45C-B879-416F-950C-7DA9925911FF}"
EndProject
Project("{9A19103F-16F7-4668-BE54-9A1E7A4F7556}") = "UnitTest.Rollbar.NetPlatformExtensions", "UnitTest.Rollbar.NetPlatformExtensions\UnitTest.Rollbar.NetPlatformExtensions.csproj", "{866217E8-59F1-4108-975C-78DCCEAFD154}"
EndProject
Project("{9A19103F-16F7-4668-BE54-9A1E7A4F7556}") = "UnitTest.RollbarTestCommon", "UnitTest.RollbarTestCommon\UnitTest.RollbarTestCommon.csproj", "{D048FD85-6E35-423A-A67D-629C3A296EE2}"
EndProject
Project("{9A19103F-16F7-4668-BE54-9A1E7A4F7556}") = "Rollbar.Deploys", "Rollbar.Deploys\Rollbar.Deploys.csproj", "{1D76F140-CB8E-40F6-AEE7-C5CBC1291375}"
EndProject
Project("{9A19103F-16F7-4668-BE54-9A1E7A4F7556}") = "UnitTest.Rollbar.Deploys", "UnitTest.Rollbar.Deploys\UnitTest.Rollbar.Deploys.csproj", "{7907781E-B227-4E52-A8DA-096429B1FBB0}"
EndProject
Project("{FAE04EC0-301F-11D3-BF4B-00C04F79EFBC}") = "Rollbar.OfflinePersistence", "Rollbar.OfflinePersistence\Rollbar.OfflinePersistence.csproj", "{C84235A3-2E40-4031-AA99-895B387BEEC8}"
EndProject
Project("{FAE04EC0-301F-11D3-BF4B-00C04F79EFBC}") = "UnitTest.Rollbar.OfflinePersistence", "UnitTest.Rollbar.OfflinePersistence\UnitTest.Rollbar.OfflinePersistence.csproj", "{777762CD-FD2D-438C-A04B-A18EFA8D59ED}"
EndProject
Project("{2150E333-8FDC-42A3-9474-1A3956D46DE8}") = "Solution Items", "Solution Items", "{0643BD3F-61CE-461A-B5E6-FA2EB983F8DD}"
	ProjectSection(SolutionItems) = preProject
		.editorconfig = .editorconfig
	EndProjectSection
EndProject
Global
	GlobalSection(SolutionConfigurationPlatforms) = preSolution
		Debug|Any CPU = Debug|Any CPU
		Instrumented|Any CPU = Instrumented|Any CPU
		Release|Any CPU = Release|Any CPU
	EndGlobalSection
	GlobalSection(ProjectConfigurationPlatforms) = postSolution
		{FA70AC31-5CD9-4947-8D5F-624D9A1FB510}.Debug|Any CPU.ActiveCfg = Debug|Any CPU
		{FA70AC31-5CD9-4947-8D5F-624D9A1FB510}.Debug|Any CPU.Build.0 = Debug|Any CPU
		{FA70AC31-5CD9-4947-8D5F-624D9A1FB510}.Instrumented|Any CPU.ActiveCfg = Instrumented|Any CPU
		{FA70AC31-5CD9-4947-8D5F-624D9A1FB510}.Instrumented|Any CPU.Build.0 = Instrumented|Any CPU
		{FA70AC31-5CD9-4947-8D5F-624D9A1FB510}.Release|Any CPU.ActiveCfg = Release|Any CPU
		{FA70AC31-5CD9-4947-8D5F-624D9A1FB510}.Release|Any CPU.Build.0 = Release|Any CPU
		{DC086DCB-134C-4C0C-BFA4-A86F66FC2242}.Debug|Any CPU.ActiveCfg = Debug|Any CPU
		{DC086DCB-134C-4C0C-BFA4-A86F66FC2242}.Debug|Any CPU.Build.0 = Debug|Any CPU
		{DC086DCB-134C-4C0C-BFA4-A86F66FC2242}.Instrumented|Any CPU.ActiveCfg = Instrumented|Any CPU
		{DC086DCB-134C-4C0C-BFA4-A86F66FC2242}.Instrumented|Any CPU.Build.0 = Instrumented|Any CPU
		{DC086DCB-134C-4C0C-BFA4-A86F66FC2242}.Release|Any CPU.ActiveCfg = Release|Any CPU
		{DC086DCB-134C-4C0C-BFA4-A86F66FC2242}.Release|Any CPU.Build.0 = Release|Any CPU
		{269A0ECE-643A-49F2-BDB0-A5762729A819}.Debug|Any CPU.ActiveCfg = Debug|Any CPU
		{269A0ECE-643A-49F2-BDB0-A5762729A819}.Debug|Any CPU.Build.0 = Debug|Any CPU
		{269A0ECE-643A-49F2-BDB0-A5762729A819}.Instrumented|Any CPU.ActiveCfg = Debug|Any CPU
		{269A0ECE-643A-49F2-BDB0-A5762729A819}.Instrumented|Any CPU.Build.0 = Debug|Any CPU
		{269A0ECE-643A-49F2-BDB0-A5762729A819}.Release|Any CPU.ActiveCfg = Release|Any CPU
		{269A0ECE-643A-49F2-BDB0-A5762729A819}.Release|Any CPU.Build.0 = Release|Any CPU
		{06252A00-27C7-41C7-8922-56DAF70F50DC}.Debug|Any CPU.ActiveCfg = Debug|Any CPU
		{06252A00-27C7-41C7-8922-56DAF70F50DC}.Debug|Any CPU.Build.0 = Debug|Any CPU
		{06252A00-27C7-41C7-8922-56DAF70F50DC}.Instrumented|Any CPU.ActiveCfg = Debug|Any CPU
		{06252A00-27C7-41C7-8922-56DAF70F50DC}.Instrumented|Any CPU.Build.0 = Debug|Any CPU
		{06252A00-27C7-41C7-8922-56DAF70F50DC}.Release|Any CPU.ActiveCfg = Release|Any CPU
		{06252A00-27C7-41C7-8922-56DAF70F50DC}.Release|Any CPU.Build.0 = Release|Any CPU
		{86E63E3F-828C-4F80-804B-16CF1CF407D2}.Debug|Any CPU.ActiveCfg = Debug|Any CPU
		{86E63E3F-828C-4F80-804B-16CF1CF407D2}.Debug|Any CPU.Build.0 = Debug|Any CPU
		{86E63E3F-828C-4F80-804B-16CF1CF407D2}.Instrumented|Any CPU.ActiveCfg = Debug|Any CPU
		{86E63E3F-828C-4F80-804B-16CF1CF407D2}.Instrumented|Any CPU.Build.0 = Debug|Any CPU
		{86E63E3F-828C-4F80-804B-16CF1CF407D2}.Release|Any CPU.ActiveCfg = Release|Any CPU
		{86E63E3F-828C-4F80-804B-16CF1CF407D2}.Release|Any CPU.Build.0 = Release|Any CPU
		{E52B66B1-5E33-4AF9-8A6A-9EFA2FC452B4}.Debug|Any CPU.ActiveCfg = Debug|Any CPU
		{E52B66B1-5E33-4AF9-8A6A-9EFA2FC452B4}.Debug|Any CPU.Build.0 = Debug|Any CPU
		{E52B66B1-5E33-4AF9-8A6A-9EFA2FC452B4}.Instrumented|Any CPU.ActiveCfg = Debug|Any CPU
		{E52B66B1-5E33-4AF9-8A6A-9EFA2FC452B4}.Instrumented|Any CPU.Build.0 = Debug|Any CPU
		{E52B66B1-5E33-4AF9-8A6A-9EFA2FC452B4}.Release|Any CPU.ActiveCfg = Release|Any CPU
		{E52B66B1-5E33-4AF9-8A6A-9EFA2FC452B4}.Release|Any CPU.Build.0 = Release|Any CPU
		{80DBF678-9338-425B-9F68-E3AF5FB862C7}.Debug|Any CPU.ActiveCfg = Debug|Any CPU
		{80DBF678-9338-425B-9F68-E3AF5FB862C7}.Debug|Any CPU.Build.0 = Debug|Any CPU
		{80DBF678-9338-425B-9F68-E3AF5FB862C7}.Instrumented|Any CPU.ActiveCfg = Debug|Any CPU
		{80DBF678-9338-425B-9F68-E3AF5FB862C7}.Instrumented|Any CPU.Build.0 = Debug|Any CPU
		{80DBF678-9338-425B-9F68-E3AF5FB862C7}.Release|Any CPU.ActiveCfg = Release|Any CPU
		{80DBF678-9338-425B-9F68-E3AF5FB862C7}.Release|Any CPU.Build.0 = Release|Any CPU
		{273E3E6A-C5AE-4B87-8698-F6D821BCAFAE}.Debug|Any CPU.ActiveCfg = Debug|Any CPU
		{273E3E6A-C5AE-4B87-8698-F6D821BCAFAE}.Debug|Any CPU.Build.0 = Debug|Any CPU
		{273E3E6A-C5AE-4B87-8698-F6D821BCAFAE}.Instrumented|Any CPU.ActiveCfg = Debug|Any CPU
		{273E3E6A-C5AE-4B87-8698-F6D821BCAFAE}.Instrumented|Any CPU.Build.0 = Debug|Any CPU
		{273E3E6A-C5AE-4B87-8698-F6D821BCAFAE}.Release|Any CPU.ActiveCfg = Release|Any CPU
		{273E3E6A-C5AE-4B87-8698-F6D821BCAFAE}.Release|Any CPU.Build.0 = Release|Any CPU
		{F271853A-C4FD-413E-8E93-926C819DF28A}.Debug|Any CPU.ActiveCfg = Debug|Any CPU
		{F271853A-C4FD-413E-8E93-926C819DF28A}.Debug|Any CPU.Build.0 = Debug|Any CPU
		{F271853A-C4FD-413E-8E93-926C819DF28A}.Instrumented|Any CPU.ActiveCfg = Debug|Any CPU
		{F271853A-C4FD-413E-8E93-926C819DF28A}.Instrumented|Any CPU.Build.0 = Debug|Any CPU
		{F271853A-C4FD-413E-8E93-926C819DF28A}.Release|Any CPU.ActiveCfg = Release|Any CPU
		{F271853A-C4FD-413E-8E93-926C819DF28A}.Release|Any CPU.Build.0 = Release|Any CPU
		{2982F9E1-218D-4060-A301-07EF81D527A5}.Debug|Any CPU.ActiveCfg = Debug|Any CPU
		{2982F9E1-218D-4060-A301-07EF81D527A5}.Debug|Any CPU.Build.0 = Debug|Any CPU
		{2982F9E1-218D-4060-A301-07EF81D527A5}.Instrumented|Any CPU.ActiveCfg = Debug|Any CPU
		{2982F9E1-218D-4060-A301-07EF81D527A5}.Instrumented|Any CPU.Build.0 = Debug|Any CPU
		{2982F9E1-218D-4060-A301-07EF81D527A5}.Release|Any CPU.ActiveCfg = Release|Any CPU
		{2982F9E1-218D-4060-A301-07EF81D527A5}.Release|Any CPU.Build.0 = Release|Any CPU
		{4BB97A89-157A-4AB8-BC61-B702CD184FAF}.Debug|Any CPU.ActiveCfg = Debug|Any CPU
		{4BB97A89-157A-4AB8-BC61-B702CD184FAF}.Debug|Any CPU.Build.0 = Debug|Any CPU
		{4BB97A89-157A-4AB8-BC61-B702CD184FAF}.Instrumented|Any CPU.ActiveCfg = Debug|Any CPU
		{4BB97A89-157A-4AB8-BC61-B702CD184FAF}.Instrumented|Any CPU.Build.0 = Debug|Any CPU
		{4BB97A89-157A-4AB8-BC61-B702CD184FAF}.Release|Any CPU.ActiveCfg = Release|Any CPU
		{4BB97A89-157A-4AB8-BC61-B702CD184FAF}.Release|Any CPU.Build.0 = Release|Any CPU
		{7AB2B7F7-DC13-420B-BF5A-5617DD3FF3BF}.Debug|Any CPU.ActiveCfg = Debug|Any CPU
		{7AB2B7F7-DC13-420B-BF5A-5617DD3FF3BF}.Debug|Any CPU.Build.0 = Debug|Any CPU
		{7AB2B7F7-DC13-420B-BF5A-5617DD3FF3BF}.Instrumented|Any CPU.ActiveCfg = Debug|Any CPU
		{7AB2B7F7-DC13-420B-BF5A-5617DD3FF3BF}.Instrumented|Any CPU.Build.0 = Debug|Any CPU
		{7AB2B7F7-DC13-420B-BF5A-5617DD3FF3BF}.Release|Any CPU.ActiveCfg = Release|Any CPU
		{7AB2B7F7-DC13-420B-BF5A-5617DD3FF3BF}.Release|Any CPU.Build.0 = Release|Any CPU
		{E48268CA-7487-4F94-941D-F1A8EA5C0B02}.Debug|Any CPU.ActiveCfg = Debug|Any CPU
		{E48268CA-7487-4F94-941D-F1A8EA5C0B02}.Debug|Any CPU.Build.0 = Debug|Any CPU
		{E48268CA-7487-4F94-941D-F1A8EA5C0B02}.Instrumented|Any CPU.ActiveCfg = Debug|Any CPU
		{E48268CA-7487-4F94-941D-F1A8EA5C0B02}.Instrumented|Any CPU.Build.0 = Debug|Any CPU
		{E48268CA-7487-4F94-941D-F1A8EA5C0B02}.Release|Any CPU.ActiveCfg = Release|Any CPU
		{E48268CA-7487-4F94-941D-F1A8EA5C0B02}.Release|Any CPU.Build.0 = Release|Any CPU
		{A9654D0D-DF0E-4036-AABD-0369F8998555}.Debug|Any CPU.ActiveCfg = Debug|Any CPU
		{A9654D0D-DF0E-4036-AABD-0369F8998555}.Debug|Any CPU.Build.0 = Debug|Any CPU
		{A9654D0D-DF0E-4036-AABD-0369F8998555}.Instrumented|Any CPU.ActiveCfg = Debug|Any CPU
		{A9654D0D-DF0E-4036-AABD-0369F8998555}.Instrumented|Any CPU.Build.0 = Debug|Any CPU
		{A9654D0D-DF0E-4036-AABD-0369F8998555}.Release|Any CPU.ActiveCfg = Release|Any CPU
		{A9654D0D-DF0E-4036-AABD-0369F8998555}.Release|Any CPU.Build.0 = Release|Any CPU
		{8EEA898F-1E43-4C7D-B41F-51EC4D3F4417}.Debug|Any CPU.ActiveCfg = Debug|Any CPU
		{8EEA898F-1E43-4C7D-B41F-51EC4D3F4417}.Debug|Any CPU.Build.0 = Debug|Any CPU
		{8EEA898F-1E43-4C7D-B41F-51EC4D3F4417}.Instrumented|Any CPU.ActiveCfg = Debug|Any CPU
		{8EEA898F-1E43-4C7D-B41F-51EC4D3F4417}.Instrumented|Any CPU.Build.0 = Debug|Any CPU
		{8EEA898F-1E43-4C7D-B41F-51EC4D3F4417}.Release|Any CPU.ActiveCfg = Release|Any CPU
		{8EEA898F-1E43-4C7D-B41F-51EC4D3F4417}.Release|Any CPU.Build.0 = Release|Any CPU
		{3248F1D9-9AA8-418B-B7F6-D89A801B24FA}.Debug|Any CPU.ActiveCfg = Debug|Any CPU
		{3248F1D9-9AA8-418B-B7F6-D89A801B24FA}.Debug|Any CPU.Build.0 = Debug|Any CPU
		{3248F1D9-9AA8-418B-B7F6-D89A801B24FA}.Instrumented|Any CPU.ActiveCfg = Debug|Any CPU
		{3248F1D9-9AA8-418B-B7F6-D89A801B24FA}.Instrumented|Any CPU.Build.0 = Debug|Any CPU
		{3248F1D9-9AA8-418B-B7F6-D89A801B24FA}.Release|Any CPU.ActiveCfg = Release|Any CPU
		{3248F1D9-9AA8-418B-B7F6-D89A801B24FA}.Release|Any CPU.Build.0 = Release|Any CPU
		{D9EDC779-BE13-4C72-80A9-690B404D0384}.Debug|Any CPU.ActiveCfg = Debug|Any CPU
		{D9EDC779-BE13-4C72-80A9-690B404D0384}.Debug|Any CPU.Build.0 = Debug|Any CPU
		{D9EDC779-BE13-4C72-80A9-690B404D0384}.Instrumented|Any CPU.ActiveCfg = Debug|Any CPU
		{D9EDC779-BE13-4C72-80A9-690B404D0384}.Instrumented|Any CPU.Build.0 = Debug|Any CPU
		{D9EDC779-BE13-4C72-80A9-690B404D0384}.Release|Any CPU.ActiveCfg = Release|Any CPU
		{D9EDC779-BE13-4C72-80A9-690B404D0384}.Release|Any CPU.Build.0 = Release|Any CPU
		{DDF8E45C-B879-416F-950C-7DA9925911FF}.Debug|Any CPU.ActiveCfg = Debug|Any CPU
		{DDF8E45C-B879-416F-950C-7DA9925911FF}.Debug|Any CPU.Build.0 = Debug|Any CPU
		{DDF8E45C-B879-416F-950C-7DA9925911FF}.Instrumented|Any CPU.ActiveCfg = Debug|Any CPU
		{DDF8E45C-B879-416F-950C-7DA9925911FF}.Instrumented|Any CPU.Build.0 = Debug|Any CPU
		{DDF8E45C-B879-416F-950C-7DA9925911FF}.Release|Any CPU.ActiveCfg = Release|Any CPU
		{DDF8E45C-B879-416F-950C-7DA9925911FF}.Release|Any CPU.Build.0 = Release|Any CPU
		{866217E8-59F1-4108-975C-78DCCEAFD154}.Debug|Any CPU.ActiveCfg = Debug|Any CPU
		{866217E8-59F1-4108-975C-78DCCEAFD154}.Debug|Any CPU.Build.0 = Debug|Any CPU
		{866217E8-59F1-4108-975C-78DCCEAFD154}.Instrumented|Any CPU.ActiveCfg = Debug|Any CPU
		{866217E8-59F1-4108-975C-78DCCEAFD154}.Instrumented|Any CPU.Build.0 = Debug|Any CPU
		{866217E8-59F1-4108-975C-78DCCEAFD154}.Release|Any CPU.ActiveCfg = Release|Any CPU
		{866217E8-59F1-4108-975C-78DCCEAFD154}.Release|Any CPU.Build.0 = Release|Any CPU
		{D048FD85-6E35-423A-A67D-629C3A296EE2}.Debug|Any CPU.ActiveCfg = Debug|Any CPU
		{D048FD85-6E35-423A-A67D-629C3A296EE2}.Debug|Any CPU.Build.0 = Debug|Any CPU
		{D048FD85-6E35-423A-A67D-629C3A296EE2}.Instrumented|Any CPU.ActiveCfg = Debug|Any CPU
		{D048FD85-6E35-423A-A67D-629C3A296EE2}.Instrumented|Any CPU.Build.0 = Debug|Any CPU
		{D048FD85-6E35-423A-A67D-629C3A296EE2}.Release|Any CPU.ActiveCfg = Release|Any CPU
		{D048FD85-6E35-423A-A67D-629C3A296EE2}.Release|Any CPU.Build.0 = Release|Any CPU
		{1D76F140-CB8E-40F6-AEE7-C5CBC1291375}.Debug|Any CPU.ActiveCfg = Debug|Any CPU
		{1D76F140-CB8E-40F6-AEE7-C5CBC1291375}.Debug|Any CPU.Build.0 = Debug|Any CPU
		{1D76F140-CB8E-40F6-AEE7-C5CBC1291375}.Instrumented|Any CPU.ActiveCfg = Debug|Any CPU
		{1D76F140-CB8E-40F6-AEE7-C5CBC1291375}.Instrumented|Any CPU.Build.0 = Debug|Any CPU
		{1D76F140-CB8E-40F6-AEE7-C5CBC1291375}.Release|Any CPU.ActiveCfg = Release|Any CPU
		{1D76F140-CB8E-40F6-AEE7-C5CBC1291375}.Release|Any CPU.Build.0 = Release|Any CPU
		{7907781E-B227-4E52-A8DA-096429B1FBB0}.Debug|Any CPU.ActiveCfg = Debug|Any CPU
		{7907781E-B227-4E52-A8DA-096429B1FBB0}.Debug|Any CPU.Build.0 = Debug|Any CPU
		{7907781E-B227-4E52-A8DA-096429B1FBB0}.Instrumented|Any CPU.ActiveCfg = Debug|Any CPU
		{7907781E-B227-4E52-A8DA-096429B1FBB0}.Instrumented|Any CPU.Build.0 = Debug|Any CPU
		{7907781E-B227-4E52-A8DA-096429B1FBB0}.Release|Any CPU.ActiveCfg = Release|Any CPU
		{7907781E-B227-4E52-A8DA-096429B1FBB0}.Release|Any CPU.Build.0 = Release|Any CPU
		{C84235A3-2E40-4031-AA99-895B387BEEC8}.Debug|Any CPU.ActiveCfg = Debug|Any CPU
		{C84235A3-2E40-4031-AA99-895B387BEEC8}.Debug|Any CPU.Build.0 = Debug|Any CPU
		{C84235A3-2E40-4031-AA99-895B387BEEC8}.Instrumented|Any CPU.ActiveCfg = Debug|Any CPU
		{C84235A3-2E40-4031-AA99-895B387BEEC8}.Instrumented|Any CPU.Build.0 = Debug|Any CPU
		{C84235A3-2E40-4031-AA99-895B387BEEC8}.Release|Any CPU.ActiveCfg = Release|Any CPU
		{C84235A3-2E40-4031-AA99-895B387BEEC8}.Release|Any CPU.Build.0 = Release|Any CPU
		{777762CD-FD2D-438C-A04B-A18EFA8D59ED}.Debug|Any CPU.ActiveCfg = Debug|Any CPU
		{777762CD-FD2D-438C-A04B-A18EFA8D59ED}.Debug|Any CPU.Build.0 = Debug|Any CPU
		{777762CD-FD2D-438C-A04B-A18EFA8D59ED}.Instrumented|Any CPU.ActiveCfg = Debug|Any CPU
		{777762CD-FD2D-438C-A04B-A18EFA8D59ED}.Instrumented|Any CPU.Build.0 = Debug|Any CPU
		{777762CD-FD2D-438C-A04B-A18EFA8D59ED}.Release|Any CPU.ActiveCfg = Release|Any CPU
		{777762CD-FD2D-438C-A04B-A18EFA8D59ED}.Release|Any CPU.Build.0 = Release|Any CPU
	EndGlobalSection
	GlobalSection(SolutionProperties) = preSolution
		HideSolutionNode = FALSE
	EndGlobalSection
	GlobalSection(NestedProjects) = preSolution
		{DC086DCB-134C-4C0C-BFA4-A86F66FC2242} = {0B7283A9-1926-4DD7-8B00-755D792118A8}
		{269A0ECE-643A-49F2-BDB0-A5762729A819} = {A6676C56-D085-4273-9757-B55207C63EFA}
		{06252A00-27C7-41C7-8922-56DAF70F50DC} = {A6676C56-D085-4273-9757-B55207C63EFA}
		{86E63E3F-828C-4F80-804B-16CF1CF407D2} = {A6676C56-D085-4273-9757-B55207C63EFA}
		{E52B66B1-5E33-4AF9-8A6A-9EFA2FC452B4} = {A6676C56-D085-4273-9757-B55207C63EFA}
		{80DBF678-9338-425B-9F68-E3AF5FB862C7} = {0B7283A9-1926-4DD7-8B00-755D792118A8}
		{273E3E6A-C5AE-4B87-8698-F6D821BCAFAE} = {0B7283A9-1926-4DD7-8B00-755D792118A8}
		{F271853A-C4FD-413E-8E93-926C819DF28A} = {0B7283A9-1926-4DD7-8B00-755D792118A8}
		{2982F9E1-218D-4060-A301-07EF81D527A5} = {0B7283A9-1926-4DD7-8B00-755D792118A8}
		{4BB97A89-157A-4AB8-BC61-B702CD184FAF} = {0B7283A9-1926-4DD7-8B00-755D792118A8}
		{A9654D0D-DF0E-4036-AABD-0369F8998555} = {0B7283A9-1926-4DD7-8B00-755D792118A8}
		{8EEA898F-1E43-4C7D-B41F-51EC4D3F4417} = {0B7283A9-1926-4DD7-8B00-755D792118A8}
		{866217E8-59F1-4108-975C-78DCCEAFD154} = {0B7283A9-1926-4DD7-8B00-755D792118A8}
		{D048FD85-6E35-423A-A67D-629C3A296EE2} = {0B7283A9-1926-4DD7-8B00-755D792118A8}
		{7907781E-B227-4E52-A8DA-096429B1FBB0} = {0B7283A9-1926-4DD7-8B00-755D792118A8}
		{777762CD-FD2D-438C-A04B-A18EFA8D59ED} = {0B7283A9-1926-4DD7-8B00-755D792118A8}
	EndGlobalSection
	GlobalSection(ExtensibilityGlobals) = postSolution
		SolutionGuid = {AB9E5CFE-0437-4312-99E5-1EBF60FB8157}
	EndGlobalSection
EndGlobal
