
Microsoft Visual Studio Solution File, Format Version 12.00
# Visual Studio Version 16
VisualStudioVersion = 16.0.810.8
MinimumVisualStudioVersion = 10.0.40219.1
Project("{FAE04EC0-301F-11D3-BF4B-00C04F79EFBC}") = "Sample.Xamarin.MacApp", "Sample.Xamarin.MacApp\Sample.Xamarin.MacApp.csproj", "{9F6164E1-3DB9-45B4-A0DF-808310910B0B}"
EndProject
Global
	GlobalSection(SolutionConfigurationPlatforms) = preSolution
		Debug|Any CPU = Debug|Any CPU
		Release|Any CPU = Release|Any CPU
	EndGlobalSection
	GlobalSection(ProjectConfigurationPlatforms) = postSolution
		{9F6164E1-3DB9-45B4-A0DF-808310910B0B}.Debug|Any CPU.ActiveCfg = Debug|Any CPU
		{9F6164E1-3DB9-45B4-A0DF-808310910B0B}.Debug|Any CPU.Build.0 = Debug|Any CPU
		{9F6164E1-3DB9-45B4-A0DF-808310910B0B}.Release|Any CPU.ActiveCfg = Release|Any CPU
		{9F6164E1-3DB9-45B4-A0DF-808310910B0B}.Release|Any CPU.Build.0 = Release|Any CPU
	EndGlobalSection
	GlobalSection(SolutionProperties) = preSolution
		HideSolutionNode = FALSE
	EndGlobalSection
	GlobalSection(ExtensibilityGlobals) = postSolution
		SolutionGuid = {A504E0C4-52FA-4494-A584-07932186079B}
	EndGlobalSection
EndGlobal
