
Microsoft Visual Studio Solution File, Format Version 12.00
# Visual Studio Version 16
VisualStudioVersion = 16.0.31624.102
MinimumVisualStudioVersion = 10.0.40219.1
Project("{FAE04EC0-301F-11D3-BF4B-00C04F79EFBC}") = "Sample.AspNetCore.WebApp", "Sample.AspNetCore.WebApp\Sample.AspNetCore.WebApp.csproj", "{7EE8717B-57EE-4A88-8911-9C7F9BD12D0F}"
EndProject
Global
	GlobalSection(SolutionConfigurationPlatforms) = preSolution
		Debug|Any CPU = Debug|Any CPU
		Release|Any CPU = Release|Any CPU
	EndGlobalSection
	GlobalSection(ProjectConfigurationPlatforms) = postSolution
		{7EE8717B-57EE-4A88-8911-9C7F9BD12D0F}.Debug|Any CPU.ActiveCfg = Debug|Any CPU
		{7EE8717B-57EE-4A88-8911-9C7F9BD12D0F}.Debug|Any CPU.Build.0 = Debug|Any CPU
		{7EE8717B-57EE-4A88-8911-9C7F9BD12D0F}.Release|Any CPU.ActiveCfg = Release|Any CPU
		{7EE8717B-57EE-4A88-8911-9C7F9BD12D0F}.Release|Any CPU.Build.0 = Release|Any CPU
	EndGlobalSection
	GlobalSection(SolutionProperties) = preSolution
		HideSolutionNode = FALSE
	EndGlobalSection
	GlobalSection(ExtensibilityGlobals) = postSolution
		SolutionGuid = {4EFA9B57-5984-4F0F-8F39-8A019A27CFB5}
	EndGlobalSection
EndGlobal
