
Microsoft Visual Studio Solution File, Format Version 12.00
# Visual Studio Version 16
VisualStudioVersion = 16.0.30907.101
MinimumVisualStudioVersion = 10.0.40219.1
Project("{FAE04EC0-301F-11D3-BF4B-00C04F79EFBC}") = "Sample.Net.ConsoleApp.App.Config", "Sample.Net.ConsoleApp.App.Config\Sample.Net.ConsoleApp.App.Config.csproj", "{C9105602-3A8C-4AD1-A38F-8B7D8624B277}"
EndProject
Project("{9A19103F-16F7-4668-BE54-9A1E7A4F7556}") = "Rollbar", "..\Rollbar\Rollbar.csproj", "{D9F1451D-5D85-4B79-B7E2-2FB04CF05BB1}"
EndProject
Project("{9A19103F-16F7-4668-BE54-9A1E7A4F7556}") = "Rollbar.App.Config", "..\Rollbar.App.Config\Rollbar.App.Config.csproj", "{B714673C-2C83-4F99-87CE-9B7FE757D2AB}"
EndProject
Global
	GlobalSection(SolutionConfigurationPlatforms) = preSolution
		Debug|Any CPU = Debug|Any CPU
		Instrumented|Any CPU = Instrumented|Any CPU
		Release|Any CPU = Release|Any CPU
	EndGlobalSection
	GlobalSection(ProjectConfigurationPlatforms) = postSolution
		{C9105602-3A8C-4AD1-A38F-8B7D8624B277}.Debug|Any CPU.ActiveCfg = Debug|Any CPU
		{C9105602-3A8C-4AD1-A38F-8B7D8624B277}.Debug|Any CPU.Build.0 = Debug|Any CPU
		{C9105602-3A8C-4AD1-A38F-8B7D8624B277}.Instrumented|Any CPU.ActiveCfg = Release|Any CPU
		{C9105602-3A8C-4AD1-A38F-8B7D8624B277}.Instrumented|Any CPU.Build.0 = Release|Any CPU
		{C9105602-3A8C-4AD1-A38F-8B7D8624B277}.Release|Any CPU.ActiveCfg = Release|Any CPU
		{C9105602-3A8C-4AD1-A38F-8B7D8624B277}.Release|Any CPU.Build.0 = Release|Any CPU
		{D9F1451D-5D85-4B79-B7E2-2FB04CF05BB1}.Debug|Any CPU.ActiveCfg = Debug|Any CPU
		{D9F1451D-5D85-4B79-B7E2-2FB04CF05BB1}.Debug|Any CPU.Build.0 = Debug|Any CPU
		{D9F1451D-5D85-4B79-B7E2-2FB04CF05BB1}.Instrumented|Any CPU.ActiveCfg = Instrumented|Any CPU
		{D9F1451D-5D85-4B79-B7E2-2FB04CF05BB1}.Instrumented|Any CPU.Build.0 = Instrumented|Any CPU
		{D9F1451D-5D85-4B79-B7E2-2FB04CF05BB1}.Release|Any CPU.ActiveCfg = Release|Any CPU
		{D9F1451D-5D85-4B79-B7E2-2FB04CF05BB1}.Release|Any CPU.Build.0 = Release|Any CPU
		{B714673C-2C83-4F99-87CE-9B7FE757D2AB}.Debug|Any CPU.ActiveCfg = Debug|Any CPU
		{B714673C-2C83-4F99-87CE-9B7FE757D2AB}.Debug|Any CPU.Build.0 = Debug|Any CPU
		{B714673C-2C83-4F99-87CE-9B7FE757D2AB}.Instrumented|Any CPU.ActiveCfg = Debug|Any CPU
		{B714673C-2C83-4F99-87CE-9B7FE757D2AB}.Instrumented|Any CPU.Build.0 = Debug|Any CPU
		{B714673C-2C83-4F99-87CE-9B7FE757D2AB}.Release|Any CPU.ActiveCfg = Release|Any CPU
		{B714673C-2C83-4F99-87CE-9B7FE757D2AB}.Release|Any CPU.Build.0 = Release|Any CPU
	EndGlobalSection
	GlobalSection(SolutionProperties) = preSolution
		HideSolutionNode = FALSE
	EndGlobalSection
	GlobalSection(ExtensibilityGlobals) = postSolution
		SolutionGuid = {7903DBF7-3EB6-43EB-8D51-126E3711A516}
	EndGlobalSection
EndGlobal
