
Microsoft Visual Studio Solution File, Format Version 12.00
# Visual Studio Version 16
VisualStudioVersion = 16.0.29001.49
MinimumVisualStudioVersion = 10.0.40219.1
Project("{9A19103F-16F7-4668-BE54-9A1E7A4F7556}") = "ConsoleApp", "Sample.PlugIns.Logary\ConsoleApp\ConsoleApp.csproj", "{24B3DE40-0EE1-491B-8B4D-15A0C743AEBF}"
EndProject
Project("{2150E333-8FDC-42A3-9474-1A3956D46DE8}") = "SolutionItems", "SolutionItems", "{DE41BA47-C41E-4779-92C8-CB42BB0A518A}"
	ProjectSection(SolutionItems) = preProject
		Sample.PlugIns.Logary\ReadMe.md = Sample.PlugIns.Logary\ReadMe.md
	EndProjectSection
EndProject
Global
	GlobalSection(SolutionConfigurationPlatforms) = preSolution
		Debug|Any CPU = Debug|Any CPU
		Instrumented|Any CPU = Instrumented|Any CPU
		Release|Any CPU = Release|Any CPU
	EndGlobalSection
	GlobalSection(ProjectConfigurationPlatforms) = postSolution
		{24B3DE40-0EE1-491B-8B4D-15A0C743AEBF}.Debug|Any CPU.ActiveCfg = Debug|Any CPU
		{24B3DE40-0EE1-491B-8B4D-15A0C743AEBF}.Debug|Any CPU.Build.0 = Debug|Any CPU
		{24B3DE40-0EE1-491B-8B4D-15A0C743AEBF}.Instrumented|Any CPU.ActiveCfg = Debug|Any CPU
		{24B3DE40-0EE1-491B-8B4D-15A0C743AEBF}.Instrumented|Any CPU.Build.0 = Debug|Any CPU
		{24B3DE40-0EE1-491B-8B4D-15A0C743AEBF}.Release|Any CPU.ActiveCfg = Release|Any CPU
		{24B3DE40-0EE1-491B-8B4D-15A0C743AEBF}.Release|Any CPU.Build.0 = Release|Any CPU
	EndGlobalSection
	GlobalSection(SolutionProperties) = preSolution
		HideSolutionNode = FALSE
	EndGlobalSection
	GlobalSection(ExtensibilityGlobals) = postSolution
		SolutionGuid = {AB9E5CFE-0437-4312-99E5-1EBF60FB8157}
	EndGlobalSection
EndGlobal
