
Microsoft Visual Studio Solution File, Format Version 12.00
# Visual Studio Version 16
VisualStudioVersion = 16.0.31624.102
MinimumVisualStudioVersion = 10.0.40219.1
Project("{9A19103F-16F7-4668-BE54-9A1E7A4F7556}") = "Sample.RollbarWithinStronglyNamedAssembly", "Sample.RollbarWithinStronglyNamedAssembly\Sample.RollbarWithinStronglyNamedAssembly.csproj", "{35ABE942-20D2-425A-BEB0-C7940C786931}"
EndProject
Project("{9A19103F-16F7-4668-BE54-9A1E7A4F7556}") = "Rollbar", "..\Rollbar\Rollbar.csproj", "{50734EF4-ED25-497B-9BC0-F3EA7D5A89F9}"
EndProject
Global
	GlobalSection(SolutionConfigurationPlatforms) = preSolution
		Debug|Any CPU = Debug|Any CPU
		Instrumented|Any CPU = Instrumented|Any CPU
		Release|Any CPU = Release|Any CPU
	EndGlobalSection
	GlobalSection(ProjectConfigurationPlatforms) = postSolution
		{35ABE942-20D2-425A-BEB0-C7940C786931}.Debug|Any CPU.ActiveCfg = Debug|Any CPU
		{35ABE942-20D2-425A-BEB0-C7940C786931}.Debug|Any CPU.Build.0 = Debug|Any CPU
		{35ABE942-20D2-425A-BEB0-C7940C786931}.Instrumented|Any CPU.ActiveCfg = Release|Any CPU
		{35ABE942-20D2-425A-BEB0-C7940C786931}.Instrumented|Any CPU.Build.0 = Release|Any CPU
		{35ABE942-20D2-425A-BEB0-C7940C786931}.Release|Any CPU.ActiveCfg = Release|Any CPU
		{35ABE942-20D2-425A-BEB0-C7940C786931}.Release|Any CPU.Build.0 = Release|Any CPU
		{50734EF4-ED25-497B-9BC0-F3EA7D5A89F9}.Debug|Any CPU.ActiveCfg = Debug|Any CPU
		{50734EF4-ED25-497B-9BC0-F3EA7D5A89F9}.Debug|Any CPU.Build.0 = Debug|Any CPU
		{50734EF4-ED25-497B-9BC0-F3EA7D5A89F9}.Instrumented|Any CPU.ActiveCfg = Instrumented|Any CPU
		{50734EF4-ED25-497B-9BC0-F3EA7D5A89F9}.Instrumented|Any CPU.Build.0 = Instrumented|Any CPU
		{50734EF4-ED25-497B-9BC0-F3EA7D5A89F9}.Release|Any CPU.ActiveCfg = Release|Any CPU
		{50734EF4-ED25-497B-9BC0-F3EA7D5A89F9}.Release|Any CPU.Build.0 = Release|Any CPU
	EndGlobalSection
	GlobalSection(SolutionProperties) = preSolution
		HideSolutionNode = FALSE
	EndGlobalSection
	GlobalSection(ExtensibilityGlobals) = postSolution
		SolutionGuid = {7DB4FFA3-0A25-4223-BE73-29FE53ABF991}
	EndGlobalSection
EndGlobal
