
Microsoft Visual Studio Solution File, Format Version 12.00
# Visual Studio Version 16
VisualStudioVersion = 16.0.31624.102
MinimumVisualStudioVersion = 10.0.40219.1
Project("{9A19103F-16F7-4668-BE54-9A1E7A4F7556}") = "Sample.AspNetCore.WebApp", "Sample.AspNetCore.WebApp\Sample.AspNetCore.WebApp.csproj", "{7EE8717B-57EE-4A88-8911-9C7F9BD12D0F}"
EndProject
Project("{9A19103F-16F7-4668-BE54-9A1E7A4F7556}") = "Rollbar", "..\Rollbar\Rollbar.csproj", "{986DCA00-6906-4422-8875-82BCC64FE2A1}"
EndProject
Project("{9A19103F-16F7-4668-BE54-9A1E7A4F7556}") = "Rollbar.NetPlatformExtensions", "..\Rollbar.NetPlatformExtensions\Rollbar.NetPlatformExtensions.csproj", "{E8808A9C-10E9-4045-A8E2-D95A3B57A91A}"
EndProject
Project("{9A19103F-16F7-4668-BE54-9A1E7A4F7556}") = "Rollbar.NetCore.AspNet", "..\Rollbar.NetCore.AspNet\Rollbar.NetCore.AspNet.csproj", "{7C624B7A-FF72-41C1-AA37-550CDC854052}"
EndProject
Global
	GlobalSection(SolutionConfigurationPlatforms) = preSolution
		Debug|Any CPU = Debug|Any CPU
		Instrumented|Any CPU = Instrumented|Any CPU
		Release|Any CPU = Release|Any CPU
	EndGlobalSection
	GlobalSection(ProjectConfigurationPlatforms) = postSolution
		{7EE8717B-57EE-4A88-8911-9C7F9BD12D0F}.Debug|Any CPU.ActiveCfg = Debug|Any CPU
		{7EE8717B-57EE-4A88-8911-9C7F9BD12D0F}.Debug|Any CPU.Build.0 = Debug|Any CPU
		{7EE8717B-57EE-4A88-8911-9C7F9BD12D0F}.Instrumented|Any CPU.ActiveCfg = Release|Any CPU
		{7EE8717B-57EE-4A88-8911-9C7F9BD12D0F}.Instrumented|Any CPU.Build.0 = Release|Any CPU
		{7EE8717B-57EE-4A88-8911-9C7F9BD12D0F}.Release|Any CPU.ActiveCfg = Release|Any CPU
		{7EE8717B-57EE-4A88-8911-9C7F9BD12D0F}.Release|Any CPU.Build.0 = Release|Any CPU
		{986DCA00-6906-4422-8875-82BCC64FE2A1}.Debug|Any CPU.ActiveCfg = Debug|Any CPU
		{986DCA00-6906-4422-8875-82BCC64FE2A1}.Debug|Any CPU.Build.0 = Debug|Any CPU
		{986DCA00-6906-4422-8875-82BCC64FE2A1}.Instrumented|Any CPU.ActiveCfg = Instrumented|Any CPU
		{986DCA00-6906-4422-8875-82BCC64FE2A1}.Instrumented|Any CPU.Build.0 = Instrumented|Any CPU
		{986DCA00-6906-4422-8875-82BCC64FE2A1}.Release|Any CPU.ActiveCfg = Release|Any CPU
		{986DCA00-6906-4422-8875-82BCC64FE2A1}.Release|Any CPU.Build.0 = Release|Any CPU
		{E8808A9C-10E9-4045-A8E2-D95A3B57A91A}.Debug|Any CPU.ActiveCfg = Debug|Any CPU
		{E8808A9C-10E9-4045-A8E2-D95A3B57A91A}.Debug|Any CPU.Build.0 = Debug|Any CPU
		{E8808A9C-10E9-4045-A8E2-D95A3B57A91A}.Instrumented|Any CPU.ActiveCfg = Debug|Any CPU
		{E8808A9C-10E9-4045-A8E2-D95A3B57A91A}.Instrumented|Any CPU.Build.0 = Debug|Any CPU
		{E8808A9C-10E9-4045-A8E2-D95A3B57A91A}.Release|Any CPU.ActiveCfg = Release|Any CPU
		{E8808A9C-10E9-4045-A8E2-D95A3B57A91A}.Release|Any CPU.Build.0 = Release|Any CPU
		{7C624B7A-FF72-41C1-AA37-550CDC854052}.Debug|Any CPU.ActiveCfg = Debug|Any CPU
		{7C624B7A-FF72-41C1-AA37-550CDC854052}.Debug|Any CPU.Build.0 = Debug|Any CPU
		{7C624B7A-FF72-41C1-AA37-550CDC854052}.Instrumented|Any CPU.ActiveCfg = Debug|Any CPU
		{7C624B7A-FF72-41C1-AA37-550CDC854052}.Instrumented|Any CPU.Build.0 = Debug|Any CPU
		{7C624B7A-FF72-41C1-AA37-550CDC854052}.Release|Any CPU.ActiveCfg = Release|Any CPU
		{7C624B7A-FF72-41C1-AA37-550CDC854052}.Release|Any CPU.Build.0 = Release|Any CPU
	EndGlobalSection
	GlobalSection(SolutionProperties) = preSolution
		HideSolutionNode = FALSE
	EndGlobalSection
	GlobalSection(ExtensibilityGlobals) = postSolution
		SolutionGuid = {4EFA9B57-5984-4F0F-8F39-8A019A27CFB5}
	EndGlobalSection
EndGlobal
