
Microsoft Visual Studio Solution File, Format Version 12.00
# Visual Studio Version 16
VisualStudioVersion = 16.0.30011.22
MinimumVisualStudioVersion = 10.0.40219.1
Project("{9A19103F-16F7-4668-BE54-9A1E7A4F7556}") = "Sample.NetCore.WorkerService", "Sample.NetCore.WorkerService\Sample.NetCore.WorkerService.csproj", "{ED6BDCBF-F6E0-4876-9021-197ECDC149D4}"
EndProject
Project("{9A19103F-16F7-4668-BE54-9A1E7A4F7556}") = "Rollbar.NetPlatformExtensions", "..\Rollbar.NetPlatformExtensions\Rollbar.NetPlatformExtensions.csproj", "{9C73176F-C254-4948-B3F8-2630B3B9E2C7}"
EndProject
Project("{9A19103F-16F7-4668-BE54-9A1E7A4F7556}") = "Rollbar", "..\Rollbar\Rollbar.csproj", "{A75E8E4B-CE29-4FFB-9F92-C8C224800068}"
EndProject
Project("{2150E333-8FDC-42A3-9474-1A3956D46DE8}") = "Rollbar.NET SDK", "Rollbar.NET SDK", "{F0E40742-7197-45A5-83D0-B0219D580E8D}"
EndProject
Global
	GlobalSection(SolutionConfigurationPlatforms) = preSolution
		Debug|Any CPU = Debug|Any CPU
		Instrumented|Any CPU = Instrumented|Any CPU
		Release|Any CPU = Release|Any CPU
	EndGlobalSection
	GlobalSection(ProjectConfigurationPlatforms) = postSolution
		{ED6BDCBF-F6E0-4876-9021-197ECDC149D4}.Debug|Any CPU.ActiveCfg = Debug|Any CPU
		{ED6BDCBF-F6E0-4876-9021-197ECDC149D4}.Debug|Any CPU.Build.0 = Debug|Any CPU
		{ED6BDCBF-F6E0-4876-9021-197ECDC149D4}.Instrumented|Any CPU.ActiveCfg = Release|Any CPU
		{ED6BDCBF-F6E0-4876-9021-197ECDC149D4}.Instrumented|Any CPU.Build.0 = Release|Any CPU
		{ED6BDCBF-F6E0-4876-9021-197ECDC149D4}.Release|Any CPU.ActiveCfg = Release|Any CPU
		{ED6BDCBF-F6E0-4876-9021-197ECDC149D4}.Release|Any CPU.Build.0 = Release|Any CPU
		{9C73176F-C254-4948-B3F8-2630B3B9E2C7}.Debug|Any CPU.ActiveCfg = Debug|Any CPU
		{9C73176F-C254-4948-B3F8-2630B3B9E2C7}.Debug|Any CPU.Build.0 = Debug|Any CPU
		{9C73176F-C254-4948-B3F8-2630B3B9E2C7}.Instrumented|Any CPU.ActiveCfg = Debug|Any CPU
		{9C73176F-C254-4948-B3F8-2630B3B9E2C7}.Instrumented|Any CPU.Build.0 = Debug|Any CPU
		{9C73176F-C254-4948-B3F8-2630B3B9E2C7}.Release|Any CPU.ActiveCfg = Release|Any CPU
		{9C73176F-C254-4948-B3F8-2630B3B9E2C7}.Release|Any CPU.Build.0 = Release|Any CPU
		{A75E8E4B-CE29-4FFB-9F92-C8C224800068}.Debug|Any CPU.ActiveCfg = Debug|Any CPU
		{A75E8E4B-CE29-4FFB-9F92-C8C224800068}.Debug|Any CPU.Build.0 = Debug|Any CPU
		{A75E8E4B-CE29-4FFB-9F92-C8C224800068}.Instrumented|Any CPU.ActiveCfg = Instrumented|Any CPU
		{A75E8E4B-CE29-4FFB-9F92-C8C224800068}.Instrumented|Any CPU.Build.0 = Instrumented|Any CPU
		{A75E8E4B-CE29-4FFB-9F92-C8C224800068}.Release|Any CPU.ActiveCfg = Release|Any CPU
		{A75E8E4B-CE29-4FFB-9F92-C8C224800068}.Release|Any CPU.Build.0 = Release|Any CPU
	EndGlobalSection
	GlobalSection(SolutionProperties) = preSolution
		HideSolutionNode = FALSE
	EndGlobalSection
	GlobalSection(NestedProjects) = preSolution
		{9C73176F-C254-4948-B3F8-2630B3B9E2C7} = {F0E40742-7197-45A5-83D0-B0219D580E8D}
		{A75E8E4B-CE29-4FFB-9F92-C8C224800068} = {F0E40742-7197-45A5-83D0-B0219D580E8D}
	EndGlobalSection
	GlobalSection(ExtensibilityGlobals) = postSolution
		SolutionGuid = {0CE0A662-6C9D-48E7-AB09-5459A657194B}
	EndGlobalSection
EndGlobal
