
Microsoft Visual Studio Solution File, Format Version 12.00
# Visual Studio Version 16
VisualStudioVersion = 16.0.30907.101
MinimumVisualStudioVersion = 10.0.40219.1
Project("{FAE04EC0-301F-11D3-BF4B-00C04F79EFBC}") = "Sample.Net.ConsoleApp.AppSettings.Json", "Sample.Net.ConsoleApp.AppSettings.Json\Sample.Net.ConsoleApp.AppSettings.Json.csproj", "{BE9F4448-02A5-4E4E-A009-12508F59FDB5}"
EndProject
Global
	GlobalSection(SolutionConfigurationPlatforms) = preSolution
		Debug|Any CPU = Debug|Any CPU
		Release|Any CPU = Release|Any CPU
	EndGlobalSection
	GlobalSection(ProjectConfigurationPlatforms) = postSolution
		{BE9F4448-02A5-4E4E-A009-12508F59FDB5}.Debug|Any CPU.ActiveCfg = Debug|Any CPU
		{BE9F4448-02A5-4E4E-A009-12508F59FDB5}.Debug|Any CPU.Build.0 = Debug|Any CPU
		{BE9F4448-02A5-4E4E-A009-12508F59FDB5}.Release|Any CPU.ActiveCfg = Release|Any CPU
		{BE9F4448-02A5-4E4E-A009-12508F59FDB5}.Release|Any CPU.Build.0 = Release|Any CPU
	EndGlobalSection
	GlobalSection(SolutionProperties) = preSolution
		HideSolutionNode = FALSE
	EndGlobalSection
	GlobalSection(ExtensibilityGlobals) = postSolution
		SolutionGuid = {6D3FE1E7-FD58-421C-A698-079DA2A3A16E}
	EndGlobalSection
EndGlobal
