
Microsoft Visual Studio Solution File, Format Version 12.00
# Visual Studio Version 16
VisualStudioVersion = 16.0.31624.102
MinimumVisualStudioVersion = 10.0.40219.1
Project("{FAE04EC0-301F-11D3-BF4B-00C04F79EFBC}") = "Sample.Blazor.Server", "Sample.Blazor.Server\Sample.Blazor.Server.csproj", "{7F8D3F35-8B8F-49B9-A9DE-3D7205C2E8EB}"
EndProject
Global
	GlobalSection(SolutionConfigurationPlatforms) = preSolution
		Debug|Any CPU = Debug|Any CPU
		Release|Any CPU = Release|Any CPU
	EndGlobalSection
	GlobalSection(ProjectConfigurationPlatforms) = postSolution
		{7F8D3F35-8B8F-49B9-A9DE-3D7205C2E8EB}.Debug|Any CPU.ActiveCfg = Debug|Any CPU
		{7F8D3F35-8B8F-49B9-A9DE-3D7205C2E8EB}.Debug|Any CPU.Build.0 = Debug|Any CPU
		{7F8D3F35-8B8F-49B9-A9DE-3D7205C2E8EB}.Release|Any CPU.ActiveCfg = Release|Any CPU
		{7F8D3F35-8B8F-49B9-A9DE-3D7205C2E8EB}.Release|Any CPU.Build.0 = Release|Any CPU
	EndGlobalSection
	GlobalSection(SolutionProperties) = preSolution
		HideSolutionNode = FALSE
	EndGlobalSection
	GlobalSection(ExtensibilityGlobals) = postSolution
		SolutionGuid = {D947DFDE-84C3-4045-A02B-6A2345DF2BEE}
	EndGlobalSection
EndGlobal
