
Microsoft Visual Studio Solution File, Format Version 12.00
# Visual Studio 15
VisualStudioVersion = 15.0.27130.2036
MinimumVisualStudioVersion = 10.0.40219.1
Project("{2150E333-8FDC-42A3-9474-1A3956D46DE8}") = "SolutionItems", "SolutionItems", "{3635FA93-6994-4CE4-9923-BF330DF1A439}"
	ProjectSection(SolutionItems) = preProject
		ReadMe.txt = ReadMe.txt
		Sequential.runsettings = Sequential.runsettings
		..\SolutionCommon.csproj = ..\SolutionCommon.csproj
	EndProjectSection
EndProject
Project("{9A19103F-16F7-4668-BE54-9A1E7A4F7556}") = "Rollbar", "..\Rollbar\Rollbar.csproj", "{FA70AC31-5CD9-4947-8D5F-624D9A1FB510}"
EndProject
Project("{9A19103F-16F7-4668-BE54-9A1E7A4F7556}") = "Sample.Xamarin.Forms", "Sample.Xamarin.Forms\Sample.Xamarin.Forms\Sample.Xamarin.Forms.csproj", "{D3AE7A67-DE49-4B11-BFB6-14A7AC441F3B}"
EndProject
Project("{FAE04EC0-301F-11D3-BF4B-00C04F79EFBC}") = "Sample.Xamarin.Forms.Android", "Sample.Xamarin.Forms\Sample.Xamarin.Forms.Android\Sample.Xamarin.Forms.Android.csproj", "{9441C414-F1D7-46EC-B24D-EFA4BF3645D8}"
EndProject
Project("{FAE04EC0-301F-11D3-BF4B-00C04F79EFBC}") = "Sample.Xamarin.Forms.iOS", "Sample.Xamarin.Forms\Sample.Xamarin.Forms.iOS\Sample.Xamarin.Forms.iOS.csproj", "{E6766A35-DE8A-4605-9E08-6E16C640D46E}"
EndProject
Project("{FAE04EC0-301F-11D3-BF4B-00C04F79EFBC}") = "Sample.Xamarin.Forms.UWP", "Sample.Xamarin.Forms\Sample.Xamarin.Forms.UWP\Sample.Xamarin.Forms.UWP.csproj", "{FA69553C-3266-4869-B5CA-1FF6627D0076}"
EndProject
Global
	GlobalSection(SolutionConfigurationPlatforms) = preSolution
		Ad-Hoc|Any CPU = Ad-Hoc|Any CPU
		Ad-Hoc|ARM = Ad-Hoc|ARM
		Ad-Hoc|iPhone = Ad-Hoc|iPhone
		Ad-Hoc|iPhoneSimulator = Ad-Hoc|iPhoneSimulator
		Ad-Hoc|x64 = Ad-Hoc|x64
		Ad-Hoc|x86 = Ad-Hoc|x86
		AppStore|Any CPU = AppStore|Any CPU
		AppStore|ARM = AppStore|ARM
		AppStore|iPhone = AppStore|iPhone
		AppStore|iPhoneSimulator = AppStore|iPhoneSimulator
		AppStore|x64 = AppStore|x64
		AppStore|x86 = AppStore|x86
		Debug|Any CPU = Debug|Any CPU
		Debug|ARM = Debug|ARM
		Debug|iPhone = Debug|iPhone
		Debug|iPhoneSimulator = Debug|iPhoneSimulator
		Debug|x64 = Debug|x64
		Debug|x86 = Debug|x86
		Instrumented|Any CPU = Instrumented|Any CPU
		Instrumented|ARM = Instrumented|ARM
		Instrumented|iPhone = Instrumented|iPhone
		Instrumented|iPhoneSimulator = Instrumented|iPhoneSimulator
		Instrumented|x64 = Instrumented|x64
		Instrumented|x86 = Instrumented|x86
		Release|Any CPU = Release|Any CPU
		Release|ARM = Release|ARM
		Release|iPhone = Release|iPhone
		Release|iPhoneSimulator = Release|iPhoneSimulator
		Release|x64 = Release|x64
		Release|x86 = Release|x86
	EndGlobalSection
	GlobalSection(ProjectConfigurationPlatforms) = postSolution
		{FA70AC31-5CD9-4947-8D5F-624D9A1FB510}.Ad-Hoc|Any CPU.ActiveCfg = Release|Any CPU
		{FA70AC31-5CD9-4947-8D5F-624D9A1FB510}.Ad-Hoc|Any CPU.Build.0 = Release|Any CPU
		{FA70AC31-5CD9-4947-8D5F-624D9A1FB510}.Ad-Hoc|ARM.ActiveCfg = Release|Any CPU
		{FA70AC31-5CD9-4947-8D5F-624D9A1FB510}.Ad-Hoc|ARM.Build.0 = Release|Any CPU
		{FA70AC31-5CD9-4947-8D5F-624D9A1FB510}.Ad-Hoc|iPhone.ActiveCfg = Release|Any CPU
		{FA70AC31-5CD9-4947-8D5F-624D9A1FB510}.Ad-Hoc|iPhone.Build.0 = Release|Any CPU
		{FA70AC31-5CD9-4947-8D5F-624D9A1FB510}.Ad-Hoc|iPhoneSimulator.ActiveCfg = Release|Any CPU
		{FA70AC31-5CD9-4947-8D5F-624D9A1FB510}.Ad-Hoc|iPhoneSimulator.Build.0 = Release|Any CPU
		{FA70AC31-5CD9-4947-8D5F-624D9A1FB510}.Ad-Hoc|x64.ActiveCfg = Release|Any CPU
		{FA70AC31-5CD9-4947-8D5F-624D9A1FB510}.Ad-Hoc|x64.Build.0 = Release|Any CPU
		{FA70AC31-5CD9-4947-8D5F-624D9A1FB510}.Ad-Hoc|x86.ActiveCfg = Release|Any CPU
		{FA70AC31-5CD9-4947-8D5F-624D9A1FB510}.Ad-Hoc|x86.Build.0 = Release|Any CPU
		{FA70AC31-5CD9-4947-8D5F-624D9A1FB510}.AppStore|Any CPU.ActiveCfg = Release|Any CPU
		{FA70AC31-5CD9-4947-8D5F-624D9A1FB510}.AppStore|Any CPU.Build.0 = Release|Any CPU
		{FA70AC31-5CD9-4947-8D5F-624D9A1FB510}.AppStore|ARM.ActiveCfg = Release|Any CPU
		{FA70AC31-5CD9-4947-8D5F-624D9A1FB510}.AppStore|ARM.Build.0 = Release|Any CPU
		{FA70AC31-5CD9-4947-8D5F-624D9A1FB510}.AppStore|iPhone.ActiveCfg = Release|Any CPU
		{FA70AC31-5CD9-4947-8D5F-624D9A1FB510}.AppStore|iPhone.Build.0 = Release|Any CPU
		{FA70AC31-5CD9-4947-8D5F-624D9A1FB510}.AppStore|iPhoneSimulator.ActiveCfg = Release|Any CPU
		{FA70AC31-5CD9-4947-8D5F-624D9A1FB510}.AppStore|iPhoneSimulator.Build.0 = Release|Any CPU
		{FA70AC31-5CD9-4947-8D5F-624D9A1FB510}.AppStore|x64.ActiveCfg = Release|Any CPU
		{FA70AC31-5CD9-4947-8D5F-624D9A1FB510}.AppStore|x64.Build.0 = Release|Any CPU
		{FA70AC31-5CD9-4947-8D5F-624D9A1FB510}.AppStore|x86.ActiveCfg = Release|Any CPU
		{FA70AC31-5CD9-4947-8D5F-624D9A1FB510}.AppStore|x86.Build.0 = Release|Any CPU
		{FA70AC31-5CD9-4947-8D5F-624D9A1FB510}.Debug|Any CPU.ActiveCfg = Debug|Any CPU
		{FA70AC31-5CD9-4947-8D5F-624D9A1FB510}.Debug|Any CPU.Build.0 = Debug|Any CPU
		{FA70AC31-5CD9-4947-8D5F-624D9A1FB510}.Debug|ARM.ActiveCfg = Debug|Any CPU
		{FA70AC31-5CD9-4947-8D5F-624D9A1FB510}.Debug|ARM.Build.0 = Debug|Any CPU
		{FA70AC31-5CD9-4947-8D5F-624D9A1FB510}.Debug|iPhone.ActiveCfg = Debug|Any CPU
		{FA70AC31-5CD9-4947-8D5F-624D9A1FB510}.Debug|iPhone.Build.0 = Debug|Any CPU
		{FA70AC31-5CD9-4947-8D5F-624D9A1FB510}.Debug|iPhoneSimulator.ActiveCfg = Debug|Any CPU
		{FA70AC31-5CD9-4947-8D5F-624D9A1FB510}.Debug|iPhoneSimulator.Build.0 = Debug|Any CPU
		{FA70AC31-5CD9-4947-8D5F-624D9A1FB510}.Debug|x64.ActiveCfg = Debug|Any CPU
		{FA70AC31-5CD9-4947-8D5F-624D9A1FB510}.Debug|x64.Build.0 = Debug|Any CPU
		{FA70AC31-5CD9-4947-8D5F-624D9A1FB510}.Debug|x86.ActiveCfg = Debug|Any CPU
		{FA70AC31-5CD9-4947-8D5F-624D9A1FB510}.Debug|x86.Build.0 = Debug|Any CPU
		{FA70AC31-5CD9-4947-8D5F-624D9A1FB510}.Instrumented|Any CPU.ActiveCfg = Instrumented|Any CPU
		{FA70AC31-5CD9-4947-8D5F-624D9A1FB510}.Instrumented|Any CPU.Build.0 = Instrumented|Any CPU
		{FA70AC31-5CD9-4947-8D5F-624D9A1FB510}.Instrumented|ARM.ActiveCfg = Instrumented|Any CPU
		{FA70AC31-5CD9-4947-8D5F-624D9A1FB510}.Instrumented|ARM.Build.0 = Instrumented|Any CPU
		{FA70AC31-5CD9-4947-8D5F-624D9A1FB510}.Instrumented|iPhone.ActiveCfg = Instrumented|Any CPU
		{FA70AC31-5CD9-4947-8D5F-624D9A1FB510}.Instrumented|iPhone.Build.0 = Instrumented|Any CPU
		{FA70AC31-5CD9-4947-8D5F-624D9A1FB510}.Instrumented|iPhoneSimulator.ActiveCfg = Instrumented|Any CPU
		{FA70AC31-5CD9-4947-8D5F-624D9A1FB510}.Instrumented|iPhoneSimulator.Build.0 = Instrumented|Any CPU
		{FA70AC31-5CD9-4947-8D5F-624D9A1FB510}.Instrumented|x64.ActiveCfg = Instrumented|Any CPU
		{FA70AC31-5CD9-4947-8D5F-624D9A1FB510}.Instrumented|x64.Build.0 = Instrumented|Any CPU
		{FA70AC31-5CD9-4947-8D5F-624D9A1FB510}.Instrumented|x86.ActiveCfg = Instrumented|Any CPU
		{FA70AC31-5CD9-4947-8D5F-624D9A1FB510}.Instrumented|x86.Build.0 = Instrumented|Any CPU
		{FA70AC31-5CD9-4947-8D5F-624D9A1FB510}.Release|Any CPU.ActiveCfg = Release|Any CPU
		{FA70AC31-5CD9-4947-8D5F-624D9A1FB510}.Release|Any CPU.Build.0 = Release|Any CPU
		{FA70AC31-5CD9-4947-8D5F-624D9A1FB510}.Release|ARM.ActiveCfg = Release|Any CPU
		{FA70AC31-5CD9-4947-8D5F-624D9A1FB510}.Release|ARM.Build.0 = Release|Any CPU
		{FA70AC31-5CD9-4947-8D5F-624D9A1FB510}.Release|iPhone.ActiveCfg = Release|Any CPU
		{FA70AC31-5CD9-4947-8D5F-624D9A1FB510}.Release|iPhone.Build.0 = Release|Any CPU
		{FA70AC31-5CD9-4947-8D5F-624D9A1FB510}.Release|iPhoneSimulator.ActiveCfg = Release|Any CPU
		{FA70AC31-5CD9-4947-8D5F-624D9A1FB510}.Release|iPhoneSimulator.Build.0 = Release|Any CPU
		{FA70AC31-5CD9-4947-8D5F-624D9A1FB510}.Release|x64.ActiveCfg = Release|Any CPU
		{FA70AC31-5CD9-4947-8D5F-624D9A1FB510}.Release|x64.Build.0 = Release|Any CPU
		{FA70AC31-5CD9-4947-8D5F-624D9A1FB510}.Release|x86.ActiveCfg = Release|Any CPU
		{FA70AC31-5CD9-4947-8D5F-624D9A1FB510}.Release|x86.Build.0 = Release|Any CPU
		{D3AE7A67-DE49-4B11-BFB6-14A7AC441F3B}.Ad-Hoc|Any CPU.ActiveCfg = Debug|Any CPU
		{D3AE7A67-DE49-4B11-BFB6-14A7AC441F3B}.Ad-Hoc|Any CPU.Build.0 = Debug|Any CPU
		{D3AE7A67-DE49-4B11-BFB6-14A7AC441F3B}.Ad-Hoc|ARM.ActiveCfg = Debug|Any CPU
		{D3AE7A67-DE49-4B11-BFB6-14A7AC441F3B}.Ad-Hoc|ARM.Build.0 = Debug|Any CPU
		{D3AE7A67-DE49-4B11-BFB6-14A7AC441F3B}.Ad-Hoc|iPhone.ActiveCfg = Debug|Any CPU
		{D3AE7A67-DE49-4B11-BFB6-14A7AC441F3B}.Ad-Hoc|iPhone.Build.0 = Debug|Any CPU
		{D3AE7A67-DE49-4B11-BFB6-14A7AC441F3B}.Ad-Hoc|iPhoneSimulator.ActiveCfg = Debug|Any CPU
		{D3AE7A67-DE49-4B11-BFB6-14A7AC441F3B}.Ad-Hoc|iPhoneSimulator.Build.0 = Debug|Any CPU
		{D3AE7A67-DE49-4B11-BFB6-14A7AC441F3B}.Ad-Hoc|x64.ActiveCfg = Debug|Any CPU
		{D3AE7A67-DE49-4B11-BFB6-14A7AC441F3B}.Ad-Hoc|x64.Build.0 = Debug|Any CPU
		{D3AE7A67-DE49-4B11-BFB6-14A7AC441F3B}.Ad-Hoc|x86.ActiveCfg = Debug|Any CPU
		{D3AE7A67-DE49-4B11-BFB6-14A7AC441F3B}.Ad-Hoc|x86.Build.0 = Debug|Any CPU
		{D3AE7A67-DE49-4B11-BFB6-14A7AC441F3B}.AppStore|Any CPU.ActiveCfg = Debug|Any CPU
		{D3AE7A67-DE49-4B11-BFB6-14A7AC441F3B}.AppStore|Any CPU.Build.0 = Debug|Any CPU
		{D3AE7A67-DE49-4B11-BFB6-14A7AC441F3B}.AppStore|ARM.ActiveCfg = Debug|Any CPU
		{D3AE7A67-DE49-4B11-BFB6-14A7AC441F3B}.AppStore|ARM.Build.0 = Debug|Any CPU
		{D3AE7A67-DE49-4B11-BFB6-14A7AC441F3B}.AppStore|iPhone.ActiveCfg = Debug|Any CPU
		{D3AE7A67-DE49-4B11-BFB6-14A7AC441F3B}.AppStore|iPhone.Build.0 = Debug|Any CPU
		{D3AE7A67-DE49-4B11-BFB6-14A7AC441F3B}.AppStore|iPhoneSimulator.ActiveCfg = Debug|Any CPU
		{D3AE7A67-DE49-4B11-BFB6-14A7AC441F3B}.AppStore|iPhoneSimulator.Build.0 = Debug|Any CPU
		{D3AE7A67-DE49-4B11-BFB6-14A7AC441F3B}.AppStore|x64.ActiveCfg = Debug|Any CPU
		{D3AE7A67-DE49-4B11-BFB6-14A7AC441F3B}.AppStore|x64.Build.0 = Debug|Any CPU
		{D3AE7A67-DE49-4B11-BFB6-14A7AC441F3B}.AppStore|x86.ActiveCfg = Debug|Any CPU
		{D3AE7A67-DE49-4B11-BFB6-14A7AC441F3B}.AppStore|x86.Build.0 = Debug|Any CPU
		{D3AE7A67-DE49-4B11-BFB6-14A7AC441F3B}.Debug|Any CPU.ActiveCfg = Debug|Any CPU
		{D3AE7A67-DE49-4B11-BFB6-14A7AC441F3B}.Debug|Any CPU.Build.0 = Debug|Any CPU
		{D3AE7A67-DE49-4B11-BFB6-14A7AC441F3B}.Debug|ARM.ActiveCfg = Debug|Any CPU
		{D3AE7A67-DE49-4B11-BFB6-14A7AC441F3B}.Debug|ARM.Build.0 = Debug|Any CPU
		{D3AE7A67-DE49-4B11-BFB6-14A7AC441F3B}.Debug|iPhone.ActiveCfg = Debug|Any CPU
		{D3AE7A67-DE49-4B11-BFB6-14A7AC441F3B}.Debug|iPhone.Build.0 = Debug|Any CPU
		{D3AE7A67-DE49-4B11-BFB6-14A7AC441F3B}.Debug|iPhoneSimulator.ActiveCfg = Debug|Any CPU
		{D3AE7A67-DE49-4B11-BFB6-14A7AC441F3B}.Debug|iPhoneSimulator.Build.0 = Debug|Any CPU
		{D3AE7A67-DE49-4B11-BFB6-14A7AC441F3B}.Debug|x64.ActiveCfg = Debug|Any CPU
		{D3AE7A67-DE49-4B11-BFB6-14A7AC441F3B}.Debug|x64.Build.0 = Debug|Any CPU
		{D3AE7A67-DE49-4B11-BFB6-14A7AC441F3B}.Debug|x86.ActiveCfg = Debug|Any CPU
		{D3AE7A67-DE49-4B11-BFB6-14A7AC441F3B}.Debug|x86.Build.0 = Debug|Any CPU
		{D3AE7A67-DE49-4B11-BFB6-14A7AC441F3B}.Instrumented|Any CPU.ActiveCfg = Debug|Any CPU
		{D3AE7A67-DE49-4B11-BFB6-14A7AC441F3B}.Instrumented|Any CPU.Build.0 = Debug|Any CPU
		{D3AE7A67-DE49-4B11-BFB6-14A7AC441F3B}.Instrumented|ARM.ActiveCfg = Debug|Any CPU
		{D3AE7A67-DE49-4B11-BFB6-14A7AC441F3B}.Instrumented|ARM.Build.0 = Debug|Any CPU
		{D3AE7A67-DE49-4B11-BFB6-14A7AC441F3B}.Instrumented|iPhone.ActiveCfg = Debug|Any CPU
		{D3AE7A67-DE49-4B11-BFB6-14A7AC441F3B}.Instrumented|iPhone.Build.0 = Debug|Any CPU
		{D3AE7A67-DE49-4B11-BFB6-14A7AC441F3B}.Instrumented|iPhoneSimulator.ActiveCfg = Debug|Any CPU
		{D3AE7A67-DE49-4B11-BFB6-14A7AC441F3B}.Instrumented|iPhoneSimulator.Build.0 = Debug|Any CPU
		{D3AE7A67-DE49-4B11-BFB6-14A7AC441F3B}.Instrumented|x64.ActiveCfg = Debug|Any CPU
		{D3AE7A67-DE49-4B11-BFB6-14A7AC441F3B}.Instrumented|x64.Build.0 = Debug|Any CPU
		{D3AE7A67-DE49-4B11-BFB6-14A7AC441F3B}.Instrumented|x86.ActiveCfg = Debug|Any CPU
		{D3AE7A67-DE49-4B11-BFB6-14A7AC441F3B}.Instrumented|x86.Build.0 = Debug|Any CPU
		{D3AE7A67-DE49-4B11-BFB6-14A7AC441F3B}.Release|Any CPU.ActiveCfg = Release|Any CPU
		{D3AE7A67-DE49-4B11-BFB6-14A7AC441F3B}.Release|Any CPU.Build.0 = Release|Any CPU
		{D3AE7A67-DE49-4B11-BFB6-14A7AC441F3B}.Release|ARM.ActiveCfg = Release|Any CPU
		{D3AE7A67-DE49-4B11-BFB6-14A7AC441F3B}.Release|ARM.Build.0 = Release|Any CPU
		{D3AE7A67-DE49-4B11-BFB6-14A7AC441F3B}.Release|iPhone.ActiveCfg = Release|Any CPU
		{D3AE7A67-DE49-4B11-BFB6-14A7AC441F3B}.Release|iPhone.Build.0 = Release|Any CPU
		{D3AE7A67-DE49-4B11-BFB6-14A7AC441F3B}.Release|iPhoneSimulator.ActiveCfg = Release|Any CPU
		{D3AE7A67-DE49-4B11-BFB6-14A7AC441F3B}.Release|iPhoneSimulator.Build.0 = Release|Any CPU
		{D3AE7A67-DE49-4B11-BFB6-14A7AC441F3B}.Release|x64.ActiveCfg = Release|Any CPU
		{D3AE7A67-DE49-4B11-BFB6-14A7AC441F3B}.Release|x64.Build.0 = Release|Any CPU
		{D3AE7A67-DE49-4B11-BFB6-14A7AC441F3B}.Release|x86.ActiveCfg = Release|Any CPU
		{D3AE7A67-DE49-4B11-BFB6-14A7AC441F3B}.Release|x86.Build.0 = Release|Any CPU
		{9441C414-F1D7-46EC-B24D-EFA4BF3645D8}.Ad-Hoc|Any CPU.ActiveCfg = Release|Any CPU
		{9441C414-F1D7-46EC-B24D-EFA4BF3645D8}.Ad-Hoc|Any CPU.Build.0 = Release|Any CPU
		{9441C414-F1D7-46EC-B24D-EFA4BF3645D8}.Ad-Hoc|Any CPU.Deploy.0 = Release|Any CPU
		{9441C414-F1D7-46EC-B24D-EFA4BF3645D8}.Ad-Hoc|ARM.ActiveCfg = Release|Any CPU
		{9441C414-F1D7-46EC-B24D-EFA4BF3645D8}.Ad-Hoc|ARM.Build.0 = Release|Any CPU
		{9441C414-F1D7-46EC-B24D-EFA4BF3645D8}.Ad-Hoc|ARM.Deploy.0 = Release|Any CPU
		{9441C414-F1D7-46EC-B24D-EFA4BF3645D8}.Ad-Hoc|iPhone.ActiveCfg = Release|Any CPU
		{9441C414-F1D7-46EC-B24D-EFA4BF3645D8}.Ad-Hoc|iPhone.Build.0 = Release|Any CPU
		{9441C414-F1D7-46EC-B24D-EFA4BF3645D8}.Ad-Hoc|iPhone.Deploy.0 = Release|Any CPU
		{9441C414-F1D7-46EC-B24D-EFA4BF3645D8}.Ad-Hoc|iPhoneSimulator.ActiveCfg = Release|Any CPU
		{9441C414-F1D7-46EC-B24D-EFA4BF3645D8}.Ad-Hoc|iPhoneSimulator.Build.0 = Release|Any CPU
		{9441C414-F1D7-46EC-B24D-EFA4BF3645D8}.Ad-Hoc|iPhoneSimulator.Deploy.0 = Release|Any CPU
		{9441C414-F1D7-46EC-B24D-EFA4BF3645D8}.Ad-Hoc|x64.ActiveCfg = Release|Any CPU
		{9441C414-F1D7-46EC-B24D-EFA4BF3645D8}.Ad-Hoc|x64.Build.0 = Release|Any CPU
		{9441C414-F1D7-46EC-B24D-EFA4BF3645D8}.Ad-Hoc|x64.Deploy.0 = Release|Any CPU
		{9441C414-F1D7-46EC-B24D-EFA4BF3645D8}.Ad-Hoc|x86.ActiveCfg = Release|Any CPU
		{9441C414-F1D7-46EC-B24D-EFA4BF3645D8}.Ad-Hoc|x86.Build.0 = Release|Any CPU
		{9441C414-F1D7-46EC-B24D-EFA4BF3645D8}.Ad-Hoc|x86.Deploy.0 = Release|Any CPU
		{9441C414-F1D7-46EC-B24D-EFA4BF3645D8}.AppStore|Any CPU.ActiveCfg = Release|Any CPU
		{9441C414-F1D7-46EC-B24D-EFA4BF3645D8}.AppStore|Any CPU.Build.0 = Release|Any CPU
		{9441C414-F1D7-46EC-B24D-EFA4BF3645D8}.AppStore|Any CPU.Deploy.0 = Release|Any CPU
		{9441C414-F1D7-46EC-B24D-EFA4BF3645D8}.AppStore|ARM.ActiveCfg = Release|Any CPU
		{9441C414-F1D7-46EC-B24D-EFA4BF3645D8}.AppStore|ARM.Build.0 = Release|Any CPU
		{9441C414-F1D7-46EC-B24D-EFA4BF3645D8}.AppStore|ARM.Deploy.0 = Release|Any CPU
		{9441C414-F1D7-46EC-B24D-EFA4BF3645D8}.AppStore|iPhone.ActiveCfg = Release|Any CPU
		{9441C414-F1D7-46EC-B24D-EFA4BF3645D8}.AppStore|iPhone.Build.0 = Release|Any CPU
		{9441C414-F1D7-46EC-B24D-EFA4BF3645D8}.AppStore|iPhone.Deploy.0 = Release|Any CPU
		{9441C414-F1D7-46EC-B24D-EFA4BF3645D8}.AppStore|iPhoneSimulator.ActiveCfg = Release|Any CPU
		{9441C414-F1D7-46EC-B24D-EFA4BF3645D8}.AppStore|iPhoneSimulator.Build.0 = Release|Any CPU
		{9441C414-F1D7-46EC-B24D-EFA4BF3645D8}.AppStore|iPhoneSimulator.Deploy.0 = Release|Any CPU
		{9441C414-F1D7-46EC-B24D-EFA4BF3645D8}.AppStore|x64.ActiveCfg = Release|Any CPU
		{9441C414-F1D7-46EC-B24D-EFA4BF3645D8}.AppStore|x64.Build.0 = Release|Any CPU
		{9441C414-F1D7-46EC-B24D-EFA4BF3645D8}.AppStore|x64.Deploy.0 = Release|Any CPU
		{9441C414-F1D7-46EC-B24D-EFA4BF3645D8}.AppStore|x86.ActiveCfg = Release|Any CPU
		{9441C414-F1D7-46EC-B24D-EFA4BF3645D8}.AppStore|x86.Build.0 = Release|Any CPU
		{9441C414-F1D7-46EC-B24D-EFA4BF3645D8}.AppStore|x86.Deploy.0 = Release|Any CPU
		{9441C414-F1D7-46EC-B24D-EFA4BF3645D8}.Debug|Any CPU.ActiveCfg = Debug|Any CPU
		{9441C414-F1D7-46EC-B24D-EFA4BF3645D8}.Debug|Any CPU.Build.0 = Debug|Any CPU
		{9441C414-F1D7-46EC-B24D-EFA4BF3645D8}.Debug|Any CPU.Deploy.0 = Debug|Any CPU
		{9441C414-F1D7-46EC-B24D-EFA4BF3645D8}.Debug|ARM.ActiveCfg = Debug|Any CPU
		{9441C414-F1D7-46EC-B24D-EFA4BF3645D8}.Debug|ARM.Build.0 = Debug|Any CPU
		{9441C414-F1D7-46EC-B24D-EFA4BF3645D8}.Debug|ARM.Deploy.0 = Debug|Any CPU
		{9441C414-F1D7-46EC-B24D-EFA4BF3645D8}.Debug|iPhone.ActiveCfg = Debug|Any CPU
		{9441C414-F1D7-46EC-B24D-EFA4BF3645D8}.Debug|iPhone.Build.0 = Debug|Any CPU
		{9441C414-F1D7-46EC-B24D-EFA4BF3645D8}.Debug|iPhone.Deploy.0 = Debug|Any CPU
		{9441C414-F1D7-46EC-B24D-EFA4BF3645D8}.Debug|iPhoneSimulator.ActiveCfg = Debug|Any CPU
		{9441C414-F1D7-46EC-B24D-EFA4BF3645D8}.Debug|iPhoneSimulator.Build.0 = Debug|Any CPU
		{9441C414-F1D7-46EC-B24D-EFA4BF3645D8}.Debug|iPhoneSimulator.Deploy.0 = Debug|Any CPU
		{9441C414-F1D7-46EC-B24D-EFA4BF3645D8}.Debug|x64.ActiveCfg = Debug|Any CPU
		{9441C414-F1D7-46EC-B24D-EFA4BF3645D8}.Debug|x64.Build.0 = Debug|Any CPU
		{9441C414-F1D7-46EC-B24D-EFA4BF3645D8}.Debug|x64.Deploy.0 = Debug|Any CPU
		{9441C414-F1D7-46EC-B24D-EFA4BF3645D8}.Debug|x86.ActiveCfg = Debug|Any CPU
		{9441C414-F1D7-46EC-B24D-EFA4BF3645D8}.Debug|x86.Build.0 = Debug|Any CPU
		{9441C414-F1D7-46EC-B24D-EFA4BF3645D8}.Debug|x86.Deploy.0 = Debug|Any CPU
		{9441C414-F1D7-46EC-B24D-EFA4BF3645D8}.Instrumented|Any CPU.ActiveCfg = Release|Any CPU
		{9441C414-F1D7-46EC-B24D-EFA4BF3645D8}.Instrumented|Any CPU.Build.0 = Release|Any CPU
		{9441C414-F1D7-46EC-B24D-EFA4BF3645D8}.Instrumented|Any CPU.Deploy.0 = Release|Any CPU
		{9441C414-F1D7-46EC-B24D-EFA4BF3645D8}.Instrumented|ARM.ActiveCfg = Release|Any CPU
		{9441C414-F1D7-46EC-B24D-EFA4BF3645D8}.Instrumented|ARM.Build.0 = Release|Any CPU
		{9441C414-F1D7-46EC-B24D-EFA4BF3645D8}.Instrumented|ARM.Deploy.0 = Release|Any CPU
		{9441C414-F1D7-46EC-B24D-EFA4BF3645D8}.Instrumented|iPhone.ActiveCfg = Release|Any CPU
		{9441C414-F1D7-46EC-B24D-EFA4BF3645D8}.Instrumented|iPhone.Build.0 = Release|Any CPU
		{9441C414-F1D7-46EC-B24D-EFA4BF3645D8}.Instrumented|iPhone.Deploy.0 = Release|Any CPU
		{9441C414-F1D7-46EC-B24D-EFA4BF3645D8}.Instrumented|iPhoneSimulator.ActiveCfg = Release|Any CPU
		{9441C414-F1D7-46EC-B24D-EFA4BF3645D8}.Instrumented|iPhoneSimulator.Build.0 = Release|Any CPU
		{9441C414-F1D7-46EC-B24D-EFA4BF3645D8}.Instrumented|iPhoneSimulator.Deploy.0 = Release|Any CPU
		{9441C414-F1D7-46EC-B24D-EFA4BF3645D8}.Instrumented|x64.ActiveCfg = Release|Any CPU
		{9441C414-F1D7-46EC-B24D-EFA4BF3645D8}.Instrumented|x64.Build.0 = Release|Any CPU
		{9441C414-F1D7-46EC-B24D-EFA4BF3645D8}.Instrumented|x64.Deploy.0 = Release|Any CPU
		{9441C414-F1D7-46EC-B24D-EFA4BF3645D8}.Instrumented|x86.ActiveCfg = Release|Any CPU
		{9441C414-F1D7-46EC-B24D-EFA4BF3645D8}.Instrumented|x86.Build.0 = Release|Any CPU
		{9441C414-F1D7-46EC-B24D-EFA4BF3645D8}.Instrumented|x86.Deploy.0 = Release|Any CPU
		{9441C414-F1D7-46EC-B24D-EFA4BF3645D8}.Release|Any CPU.ActiveCfg = Release|Any CPU
		{9441C414-F1D7-46EC-B24D-EFA4BF3645D8}.Release|Any CPU.Build.0 = Release|Any CPU
		{9441C414-F1D7-46EC-B24D-EFA4BF3645D8}.Release|Any CPU.Deploy.0 = Release|Any CPU
		{9441C414-F1D7-46EC-B24D-EFA4BF3645D8}.Release|ARM.ActiveCfg = Release|Any CPU
		{9441C414-F1D7-46EC-B24D-EFA4BF3645D8}.Release|ARM.Build.0 = Release|Any CPU
		{9441C414-F1D7-46EC-B24D-EFA4BF3645D8}.Release|ARM.Deploy.0 = Release|Any CPU
		{9441C414-F1D7-46EC-B24D-EFA4BF3645D8}.Release|iPhone.ActiveCfg = Release|Any CPU
		{9441C414-F1D7-46EC-B24D-EFA4BF3645D8}.Release|iPhone.Build.0 = Release|Any CPU
		{9441C414-F1D7-46EC-B24D-EFA4BF3645D8}.Release|iPhone.Deploy.0 = Release|Any CPU
		{9441C414-F1D7-46EC-B24D-EFA4BF3645D8}.Release|iPhoneSimulator.ActiveCfg = Release|Any CPU
		{9441C414-F1D7-46EC-B24D-EFA4BF3645D8}.Release|iPhoneSimulator.Build.0 = Release|Any CPU
		{9441C414-F1D7-46EC-B24D-EFA4BF3645D8}.Release|iPhoneSimulator.Deploy.0 = Release|Any CPU
		{9441C414-F1D7-46EC-B24D-EFA4BF3645D8}.Release|x64.ActiveCfg = Release|Any CPU
		{9441C414-F1D7-46EC-B24D-EFA4BF3645D8}.Release|x64.Build.0 = Release|Any CPU
		{9441C414-F1D7-46EC-B24D-EFA4BF3645D8}.Release|x64.Deploy.0 = Release|Any CPU
		{9441C414-F1D7-46EC-B24D-EFA4BF3645D8}.Release|x86.ActiveCfg = Release|Any CPU
		{9441C414-F1D7-46EC-B24D-EFA4BF3645D8}.Release|x86.Build.0 = Release|Any CPU
		{9441C414-F1D7-46EC-B24D-EFA4BF3645D8}.Release|x86.Deploy.0 = Release|Any CPU
		{E6766A35-DE8A-4605-9E08-6E16C640D46E}.Ad-Hoc|Any CPU.ActiveCfg = Ad-Hoc|iPhone
		{E6766A35-DE8A-4605-9E08-6E16C640D46E}.Ad-Hoc|ARM.ActiveCfg = Ad-Hoc|iPhone
		{E6766A35-DE8A-4605-9E08-6E16C640D46E}.Ad-Hoc|iPhone.ActiveCfg = Ad-Hoc|iPhone
		{E6766A35-DE8A-4605-9E08-6E16C640D46E}.Ad-Hoc|iPhone.Build.0 = Ad-Hoc|iPhone
		{E6766A35-DE8A-4605-9E08-6E16C640D46E}.Ad-Hoc|iPhoneSimulator.ActiveCfg = Ad-Hoc|iPhoneSimulator
		{E6766A35-DE8A-4605-9E08-6E16C640D46E}.Ad-Hoc|iPhoneSimulator.Build.0 = Ad-Hoc|iPhoneSimulator
		{E6766A35-DE8A-4605-9E08-6E16C640D46E}.Ad-Hoc|x64.ActiveCfg = Ad-Hoc|iPhone
		{E6766A35-DE8A-4605-9E08-6E16C640D46E}.Ad-Hoc|x86.ActiveCfg = Ad-Hoc|iPhone
		{E6766A35-DE8A-4605-9E08-6E16C640D46E}.AppStore|Any CPU.ActiveCfg = AppStore|iPhone
		{E6766A35-DE8A-4605-9E08-6E16C640D46E}.AppStore|ARM.ActiveCfg = AppStore|iPhone
		{E6766A35-DE8A-4605-9E08-6E16C640D46E}.AppStore|iPhone.ActiveCfg = AppStore|iPhone
		{E6766A35-DE8A-4605-9E08-6E16C640D46E}.AppStore|iPhone.Build.0 = AppStore|iPhone
		{E6766A35-DE8A-4605-9E08-6E16C640D46E}.AppStore|iPhoneSimulator.ActiveCfg = AppStore|iPhoneSimulator
		{E6766A35-DE8A-4605-9E08-6E16C640D46E}.AppStore|iPhoneSimulator.Build.0 = AppStore|iPhoneSimulator
		{E6766A35-DE8A-4605-9E08-6E16C640D46E}.AppStore|x64.ActiveCfg = AppStore|iPhone
		{E6766A35-DE8A-4605-9E08-6E16C640D46E}.AppStore|x86.ActiveCfg = AppStore|iPhone
		{E6766A35-DE8A-4605-9E08-6E16C640D46E}.Debug|Any CPU.ActiveCfg = Debug|iPhone
		{E6766A35-DE8A-4605-9E08-6E16C640D46E}.Debug|ARM.ActiveCfg = Debug|iPhone
		{E6766A35-DE8A-4605-9E08-6E16C640D46E}.Debug|iPhone.ActiveCfg = Debug|iPhone
		{E6766A35-DE8A-4605-9E08-6E16C640D46E}.Debug|iPhone.Build.0 = Debug|iPhone
		{E6766A35-DE8A-4605-9E08-6E16C640D46E}.Debug|iPhoneSimulator.ActiveCfg = Debug|iPhoneSimulator
		{E6766A35-DE8A-4605-9E08-6E16C640D46E}.Debug|iPhoneSimulator.Build.0 = Debug|iPhoneSimulator
		{E6766A35-DE8A-4605-9E08-6E16C640D46E}.Debug|x64.ActiveCfg = Debug|iPhone
		{E6766A35-DE8A-4605-9E08-6E16C640D46E}.Debug|x86.ActiveCfg = Debug|iPhone
		{E6766A35-DE8A-4605-9E08-6E16C640D46E}.Instrumented|Any CPU.ActiveCfg = AppStore|iPhone
		{E6766A35-DE8A-4605-9E08-6E16C640D46E}.Instrumented|Any CPU.Build.0 = AppStore|iPhone
		{E6766A35-DE8A-4605-9E08-6E16C640D46E}.Instrumented|ARM.ActiveCfg = AppStore|iPhone
		{E6766A35-DE8A-4605-9E08-6E16C640D46E}.Instrumented|ARM.Build.0 = AppStore|iPhone
		{E6766A35-DE8A-4605-9E08-6E16C640D46E}.Instrumented|iPhone.ActiveCfg = AppStore|iPhone
		{E6766A35-DE8A-4605-9E08-6E16C640D46E}.Instrumented|iPhone.Build.0 = AppStore|iPhone
		{E6766A35-DE8A-4605-9E08-6E16C640D46E}.Instrumented|iPhoneSimulator.ActiveCfg = AppStore|iPhoneSimulator
		{E6766A35-DE8A-4605-9E08-6E16C640D46E}.Instrumented|iPhoneSimulator.Build.0 = AppStore|iPhoneSimulator
		{E6766A35-DE8A-4605-9E08-6E16C640D46E}.Instrumented|x64.ActiveCfg = AppStore|iPhone
		{E6766A35-DE8A-4605-9E08-6E16C640D46E}.Instrumented|x64.Build.0 = AppStore|iPhone
		{E6766A35-DE8A-4605-9E08-6E16C640D46E}.Instrumented|x86.ActiveCfg = AppStore|iPhone
		{E6766A35-DE8A-4605-9E08-6E16C640D46E}.Instrumented|x86.Build.0 = AppStore|iPhone
		{E6766A35-DE8A-4605-9E08-6E16C640D46E}.Release|Any CPU.ActiveCfg = Release|iPhone
		{E6766A35-DE8A-4605-9E08-6E16C640D46E}.Release|ARM.ActiveCfg = Release|iPhone
		{E6766A35-DE8A-4605-9E08-6E16C640D46E}.Release|iPhone.ActiveCfg = Release|iPhone
		{E6766A35-DE8A-4605-9E08-6E16C640D46E}.Release|iPhone.Build.0 = Release|iPhone
		{E6766A35-DE8A-4605-9E08-6E16C640D46E}.Release|iPhoneSimulator.ActiveCfg = Release|iPhoneSimulator
		{E6766A35-DE8A-4605-9E08-6E16C640D46E}.Release|iPhoneSimulator.Build.0 = Release|iPhoneSimulator
		{E6766A35-DE8A-4605-9E08-6E16C640D46E}.Release|x64.ActiveCfg = Release|iPhone
		{E6766A35-DE8A-4605-9E08-6E16C640D46E}.Release|x86.ActiveCfg = Release|iPhone
		{FA69553C-3266-4869-B5CA-1FF6627D0076}.Ad-Hoc|Any CPU.ActiveCfg = Release|x86
		{FA69553C-3266-4869-B5CA-1FF6627D0076}.Ad-Hoc|Any CPU.Build.0 = Release|x86
		{FA69553C-3266-4869-B5CA-1FF6627D0076}.Ad-Hoc|Any CPU.Deploy.0 = Release|x86
		{FA69553C-3266-4869-B5CA-1FF6627D0076}.Ad-Hoc|ARM.ActiveCfg = Release|ARM
		{FA69553C-3266-4869-B5CA-1FF6627D0076}.Ad-Hoc|ARM.Build.0 = Release|ARM
		{FA69553C-3266-4869-B5CA-1FF6627D0076}.Ad-Hoc|ARM.Deploy.0 = Release|ARM
		{FA69553C-3266-4869-B5CA-1FF6627D0076}.Ad-Hoc|iPhone.ActiveCfg = Release|x86
		{FA69553C-3266-4869-B5CA-1FF6627D0076}.Ad-Hoc|iPhone.Build.0 = Release|x86
		{FA69553C-3266-4869-B5CA-1FF6627D0076}.Ad-Hoc|iPhone.Deploy.0 = Release|x86
		{FA69553C-3266-4869-B5CA-1FF6627D0076}.Ad-Hoc|iPhoneSimulator.ActiveCfg = Release|x86
		{FA69553C-3266-4869-B5CA-1FF6627D0076}.Ad-Hoc|iPhoneSimulator.Build.0 = Release|x86
		{FA69553C-3266-4869-B5CA-1FF6627D0076}.Ad-Hoc|iPhoneSimulator.Deploy.0 = Release|x86
		{FA69553C-3266-4869-B5CA-1FF6627D0076}.Ad-Hoc|x64.ActiveCfg = Release|x64
		{FA69553C-3266-4869-B5CA-1FF6627D0076}.Ad-Hoc|x64.Build.0 = Release|x64
		{FA69553C-3266-4869-B5CA-1FF6627D0076}.Ad-Hoc|x64.Deploy.0 = Release|x64
		{FA69553C-3266-4869-B5CA-1FF6627D0076}.Ad-Hoc|x86.ActiveCfg = Release|x86
		{FA69553C-3266-4869-B5CA-1FF6627D0076}.Ad-Hoc|x86.Build.0 = Release|x86
		{FA69553C-3266-4869-B5CA-1FF6627D0076}.Ad-Hoc|x86.Deploy.0 = Release|x86
		{FA69553C-3266-4869-B5CA-1FF6627D0076}.AppStore|Any CPU.ActiveCfg = Release|x86
		{FA69553C-3266-4869-B5CA-1FF6627D0076}.AppStore|Any CPU.Build.0 = Release|x86
		{FA69553C-3266-4869-B5CA-1FF6627D0076}.AppStore|Any CPU.Deploy.0 = Release|x86
		{FA69553C-3266-4869-B5CA-1FF6627D0076}.AppStore|ARM.ActiveCfg = Release|ARM
		{FA69553C-3266-4869-B5CA-1FF6627D0076}.AppStore|ARM.Build.0 = Release|ARM
		{FA69553C-3266-4869-B5CA-1FF6627D0076}.AppStore|ARM.Deploy.0 = Release|ARM
		{FA69553C-3266-4869-B5CA-1FF6627D0076}.AppStore|iPhone.ActiveCfg = Release|x86
		{FA69553C-3266-4869-B5CA-1FF6627D0076}.AppStore|iPhone.Build.0 = Release|x86
		{FA69553C-3266-4869-B5CA-1FF6627D0076}.AppStore|iPhone.Deploy.0 = Release|x86
		{FA69553C-3266-4869-B5CA-1FF6627D0076}.AppStore|iPhoneSimulator.ActiveCfg = Release|x86
		{FA69553C-3266-4869-B5CA-1FF6627D0076}.AppStore|iPhoneSimulator.Build.0 = Release|x86
		{FA69553C-3266-4869-B5CA-1FF6627D0076}.AppStore|iPhoneSimulator.Deploy.0 = Release|x86
		{FA69553C-3266-4869-B5CA-1FF6627D0076}.AppStore|x64.ActiveCfg = Release|x64
		{FA69553C-3266-4869-B5CA-1FF6627D0076}.AppStore|x64.Build.0 = Release|x64
		{FA69553C-3266-4869-B5CA-1FF6627D0076}.AppStore|x64.Deploy.0 = Release|x64
		{FA69553C-3266-4869-B5CA-1FF6627D0076}.AppStore|x86.ActiveCfg = Release|x86
		{FA69553C-3266-4869-B5CA-1FF6627D0076}.AppStore|x86.Build.0 = Release|x86
		{FA69553C-3266-4869-B5CA-1FF6627D0076}.AppStore|x86.Deploy.0 = Release|x86
		{FA69553C-3266-4869-B5CA-1FF6627D0076}.Debug|Any CPU.ActiveCfg = Debug|x86
		{FA69553C-3266-4869-B5CA-1FF6627D0076}.Debug|ARM.ActiveCfg = Debug|ARM
		{FA69553C-3266-4869-B5CA-1FF6627D0076}.Debug|ARM.Build.0 = Debug|ARM
		{FA69553C-3266-4869-B5CA-1FF6627D0076}.Debug|ARM.Deploy.0 = Debug|ARM
		{FA69553C-3266-4869-B5CA-1FF6627D0076}.Debug|iPhone.ActiveCfg = Debug|x86
		{FA69553C-3266-4869-B5CA-1FF6627D0076}.Debug|iPhoneSimulator.ActiveCfg = Debug|x86
		{FA69553C-3266-4869-B5CA-1FF6627D0076}.Debug|x64.ActiveCfg = Debug|x64
		{FA69553C-3266-4869-B5CA-1FF6627D0076}.Debug|x64.Build.0 = Debug|x64
		{FA69553C-3266-4869-B5CA-1FF6627D0076}.Debug|x64.Deploy.0 = Debug|x64
		{FA69553C-3266-4869-B5CA-1FF6627D0076}.Debug|x86.ActiveCfg = Debug|x86
		{FA69553C-3266-4869-B5CA-1FF6627D0076}.Debug|x86.Build.0 = Debug|x86
		{FA69553C-3266-4869-B5CA-1FF6627D0076}.Debug|x86.Deploy.0 = Debug|x86
		{FA69553C-3266-4869-B5CA-1FF6627D0076}.Instrumented|Any CPU.ActiveCfg = Release|x86
		{FA69553C-3266-4869-B5CA-1FF6627D0076}.Instrumented|Any CPU.Build.0 = Release|x86
		{FA69553C-3266-4869-B5CA-1FF6627D0076}.Instrumented|Any CPU.Deploy.0 = Release|x86
		{FA69553C-3266-4869-B5CA-1FF6627D0076}.Instrumented|ARM.ActiveCfg = Release|ARM
		{FA69553C-3266-4869-B5CA-1FF6627D0076}.Instrumented|ARM.Build.0 = Release|ARM
		{FA69553C-3266-4869-B5CA-1FF6627D0076}.Instrumented|ARM.Deploy.0 = Release|ARM
		{FA69553C-3266-4869-B5CA-1FF6627D0076}.Instrumented|iPhone.ActiveCfg = Release|x86
		{FA69553C-3266-4869-B5CA-1FF6627D0076}.Instrumented|iPhone.Build.0 = Release|x86
		{FA69553C-3266-4869-B5CA-1FF6627D0076}.Instrumented|iPhone.Deploy.0 = Release|x86
		{FA69553C-3266-4869-B5CA-1FF6627D0076}.Instrumented|iPhoneSimulator.ActiveCfg = Release|x86
		{FA69553C-3266-4869-B5CA-1FF6627D0076}.Instrumented|iPhoneSimulator.Build.0 = Release|x86
		{FA69553C-3266-4869-B5CA-1FF6627D0076}.Instrumented|iPhoneSimulator.Deploy.0 = Release|x86
		{FA69553C-3266-4869-B5CA-1FF6627D0076}.Instrumented|x64.ActiveCfg = Release|x64
		{FA69553C-3266-4869-B5CA-1FF6627D0076}.Instrumented|x64.Build.0 = Release|x64
		{FA69553C-3266-4869-B5CA-1FF6627D0076}.Instrumented|x64.Deploy.0 = Release|x64
		{FA69553C-3266-4869-B5CA-1FF6627D0076}.Instrumented|x86.ActiveCfg = Release|x86
		{FA69553C-3266-4869-B5CA-1FF6627D0076}.Instrumented|x86.Build.0 = Release|x86
		{FA69553C-3266-4869-B5CA-1FF6627D0076}.Instrumented|x86.Deploy.0 = Release|x86
		{FA69553C-3266-4869-B5CA-1FF6627D0076}.Release|Any CPU.ActiveCfg = Release|x86
		{FA69553C-3266-4869-B5CA-1FF6627D0076}.Release|ARM.ActiveCfg = Release|ARM
		{FA69553C-3266-4869-B5CA-1FF6627D0076}.Release|ARM.Build.0 = Release|ARM
		{FA69553C-3266-4869-B5CA-1FF6627D0076}.Release|ARM.Deploy.0 = Release|ARM
		{FA69553C-3266-4869-B5CA-1FF6627D0076}.Release|iPhone.ActiveCfg = Release|x86
		{FA69553C-3266-4869-B5CA-1FF6627D0076}.Release|iPhoneSimulator.ActiveCfg = Release|x86
		{FA69553C-3266-4869-B5CA-1FF6627D0076}.Release|x64.ActiveCfg = Release|x64
		{FA69553C-3266-4869-B5CA-1FF6627D0076}.Release|x64.Build.0 = Release|x64
		{FA69553C-3266-4869-B5CA-1FF6627D0076}.Release|x64.Deploy.0 = Release|x64
		{FA69553C-3266-4869-B5CA-1FF6627D0076}.Release|x86.ActiveCfg = Release|x86
		{FA69553C-3266-4869-B5CA-1FF6627D0076}.Release|x86.Build.0 = Release|x86
		{FA69553C-3266-4869-B5CA-1FF6627D0076}.Release|x86.Deploy.0 = Release|x86
	EndGlobalSection
	GlobalSection(SolutionProperties) = preSolution
		HideSolutionNode = FALSE
	EndGlobalSection
	GlobalSection(ExtensibilityGlobals) = postSolution
		SolutionGuid = {AB9E5CFE-0437-4312-99E5-1EBF60FB8157}
	EndGlobalSection
EndGlobal
