
Microsoft Visual Studio Solution File, Format Version 12.00
# Visual Studio 15
VisualStudioVersion = 15.0.27130.2036
MinimumVisualStudioVersion = 10.0.40219.1
Project("{9A19103F-16F7-4668-BE54-9A1E7A4F7556}") = "Sample.AspNetCore2.WebApi", "Sample.AspNetCore2.WebApi\Sample.AspNetCore2.WebApi.csproj", "{413CA41B-B9F2-41FD-B705-34EB38B2DB76}"
EndProject
Project("{9A19103F-16F7-4668-BE54-9A1E7A4F7556}") = "Rollbar", "..\Rollbar\Rollbar.csproj", "{FA70AC31-5CD9-4947-8D5F-624D9A1FB510}"
EndProject
Project("{9A19103F-16F7-4668-BE54-9A1E7A4F7556}") = "Rollbar.NetCore.AspNet", "..\Rollbar.NetCore.AspNet\Rollbar.NetCore.AspNet.csproj", "{C8645DC5-8EC1-4C15-A401-3F1BAD182132}"
EndProject
Global
	GlobalSection(SolutionConfigurationPlatforms) = preSolution
		Debug|Any CPU = Debug|Any CPU
		Release|Any CPU = Release|Any CPU
	EndGlobalSection
	GlobalSection(ProjectConfigurationPlatforms) = postSolution
		{413CA41B-B9F2-41FD-B705-34EB38B2DB76}.Debug|Any CPU.ActiveCfg = Debug|Any CPU
		{413CA41B-B9F2-41FD-B705-34EB38B2DB76}.Debug|Any CPU.Build.0 = Debug|Any CPU
		{413CA41B-B9F2-41FD-B705-34EB38B2DB76}.Release|Any CPU.ActiveCfg = Release|Any CPU
		{413CA41B-B9F2-41FD-B705-34EB38B2DB76}.Release|Any CPU.Build.0 = Release|Any CPU
		{FA70AC31-5CD9-4947-8D5F-624D9A1FB510}.Debug|Any CPU.ActiveCfg = Debug|Any CPU
		{FA70AC31-5CD9-4947-8D5F-624D9A1FB510}.Debug|Any CPU.Build.0 = Debug|Any CPU
		{FA70AC31-5CD9-4947-8D5F-624D9A1FB510}.Release|Any CPU.ActiveCfg = Release|Any CPU
		{FA70AC31-5CD9-4947-8D5F-624D9A1FB510}.Release|Any CPU.Build.0 = Release|Any CPU
		{C8645DC5-8EC1-4C15-A401-3F1BAD182132}.Debug|Any CPU.ActiveCfg = Debug|Any CPU
		{C8645DC5-8EC1-4C15-A401-3F1BAD182132}.Debug|Any CPU.Build.0 = Debug|Any CPU
		{C8645DC5-8EC1-4C15-A401-3F1BAD182132}.Release|Any CPU.ActiveCfg = Release|Any CPU
		{C8645DC5-8EC1-4C15-A401-3F1BAD182132}.Release|Any CPU.Build.0 = Release|Any CPU
	EndGlobalSection
	GlobalSection(SolutionProperties) = preSolution
		HideSolutionNode = FALSE
	EndGlobalSection
	GlobalSection(ExtensibilityGlobals) = postSolution
		SolutionGuid = {AB9E5CFE-0437-4312-99E5-1EBF60FB8157}
	EndGlobalSection
EndGlobal
